
Microsoft Visual Studio Solution File, Format Version 12.00
# Visual Studio 15
VisualStudioVersion = 15.0.26228.4
MinimumVisualStudioVersion = 10.0.40219.1
Project("{2150E333-8FDC-42A3-9474-1A3956D46DE8}") = "Core.Tests", "Core.Tests", "{C2FEEDE5-8CAE-41A4-8932-42D284A86EA7}"
EndProject
Project("{2150E333-8FDC-42A3-9474-1A3956D46DE8}") = "Core", "Core", "{68CC2924-E162-44BE-8D7A-DBA385365585}"
EndProject
Project("{2150E333-8FDC-42A3-9474-1A3956D46DE8}") = "NuGet", "NuGet", "{05ACA4F0-E560-4E7A-BF50-1C248DAAA0D2}"
EndProject
Project("{2150E333-8FDC-42A3-9474-1A3956D46DE8}") = "TestFramework", "TestFramework", "{BED5EB47-4AB1-4387-98B6-83CC327D6D16}"
EndProject
Project("{2150E333-8FDC-42A3-9474-1A3956D46DE8}") = "Solution Items", "Solution Items", "{BEED7F7A-9908-4090-AF56-13B4B02F8B56}"
	ProjectSection(SolutionItems) = preProject
		.gitignore = .gitignore
		AddXmlLanguage.targets = AddXmlLanguage.targets
		ApplicationInsightsSDKRules.ruleset = ApplicationInsightsSDKRules.ruleset
		CHANGELOG.md = CHANGELOG.md
		CodeCov.ps1 = CodeCov.ps1
		Common.props = Common.props
		Common.targets = Common.targets
		Directory.Build.props = Directory.Build.props
		dirs.proj = dirs.proj
		GlobalStaticVersion.props = GlobalStaticVersion.props
		NuGet.config = NuGet.config
		NuGet.targets = NuGet.targets
		Package.targets = Package.targets
		README.md = README.md
		src\Core\Settings.StyleCop = src\Core\Settings.StyleCop
		Signing.props = Signing.props
		Signing.targets = Signing.targets
		Test.props = Test.props
	EndProjectSection
EndProject
Project("{2150E333-8FDC-42A3-9474-1A3956D46DE8}") = "ServerTelemetryChannel", "ServerTelemetryChannel", "{E7B0521E-DA4D-40EA-B55D-ADCBDA69027C}"
EndProject
Project("{2150E333-8FDC-42A3-9474-1A3956D46DE8}") = "ServerTelemetryChannel.Tests", "ServerTelemetryChannel.Tests", "{A61B048F-ECEA-4BED-A2ED-22834E7D4DFB}"
EndProject
Project("{D954291E-2A0B-460D-934E-DC6B0785DB48}") = "Core.Shared.Tests", "Test\CoreSDK.Test\Shared\Core.Shared.Tests.shproj", "{C4A0DB5B-0988-4E04-B9B8-BCF3B0842000}"
EndProject
Project("{FAE04EC0-301F-11D3-BF4B-00C04F79EFBC}") = "Core.Net40.Tests", "Test\CoreSDK.Test\Net40\Core.Net40.Tests.csproj", "{394A78E5-2F8F-4D2D-AE08-027380C9F6B2}"
EndProject
Project("{FAE04EC0-301F-11D3-BF4B-00C04F79EFBC}") = "BuildTools", "src\BuildTools\BuildTools.csproj", "{08B950E4-EBDC-4AD8-8311-746F2E8DEAB2}"
EndProject
Project("{FAE04EC0-301F-11D3-BF4B-00C04F79EFBC}") = "Core.Net45.Tests", "Test\CoreSDK.Test\Net45\Core.Net45.Tests.csproj", "{0927E682-4A56-45B6-8125-94FA066B2F57}"
EndProject
Project("{FAE04EC0-301F-11D3-BF4B-00C04F79EFBC}") = "Core.Net46.Tests", "Test\CoreSDK.Test\Net46\Core.Net46.Tests.csproj", "{0927E682-4A56-46B6-8125-94FA066B2F57}"
EndProject
Project("{FAE04EC0-301F-11D3-BF4B-00C04F79EFBC}") = "ApplicationInsightsTypes", "Test\CoreSDK.Test\ApplicationInsightsTypes\ApplicationInsightsTypes.csproj", "{4B0BC3B7-C7FC-4333-9E28-5790D9153F07}"
EndProject
Project("{D954291E-2A0B-460D-934E-DC6B0785DB48}") = "TestFramework.Shared", "Test\TestFramework\Shared\TestFramework.Shared.shproj", "{F76C6CBD-29B0-4564-BDCB-C969F8FEC136}"
EndProject
Project("{FAE04EC0-301F-11D3-BF4B-00C04F79EFBC}") = "TelemetryChannel.NuGet", "src\TelemetryChannels\ServerTelemetryChannel\NuGet\TelemetryChannel.NuGet.csproj", "{F98B49CB-9AC5-45C3-82D9-7F407AC08EF4}"
EndProject
Project("{FAE04EC0-301F-11D3-BF4B-00C04F79EFBC}") = "TelemetryChannel.Net40", "src\TelemetryChannels\ServerTelemetryChannel\Net40\TelemetryChannel.Net40.csproj", "{1AC957C0-E9A7-42BB-8820-CE2F6E5C937F}"
EndProject
Project("{FAE04EC0-301F-11D3-BF4B-00C04F79EFBC}") = "TelemetryChannel.Net45", "src\TelemetryChannels\ServerTelemetryChannel\Net45\TelemetryChannel.Net45.csproj", "{18CE7397-7566-46D6-A52D-3B441363B326}"
EndProject
Project("{D954291E-2A0B-460D-934E-DC6B0785DB48}") = "Shared", "src\TelemetryChannels\ServerTelemetryChannel\Shared\Shared.shproj", "{D03AC224-D6C9-4C64-9B82-619E28FF9AC6}"
EndProject
Project("{FAE04EC0-301F-11D3-BF4B-00C04F79EFBC}") = "TelemetryChannel.Net40.Tests", "Test\ServerTelemetryChannel.Test\Net40.Tests\TelemetryChannel.Net40.Tests.csproj", "{A7CCC704-CCA9-492A-BB8A-3DE5EE9AEAC8}"
EndProject
Project("{FAE04EC0-301F-11D3-BF4B-00C04F79EFBC}") = "TelemetryChannel.Net45.Tests", "Test\ServerTelemetryChannel.Test\Net45.Tests\TelemetryChannel.Net45.Tests.csproj", "{DD9659BE-7C0F-4298-82B2-5E957F95977A}"
EndProject
Project("{D954291E-2A0B-460D-934E-DC6B0785DB48}") = "Shared.Tests", "Test\ServerTelemetryChannel.Test\Shared.Tests\Shared.Tests.shproj", "{C5A3F18F-1426-4941-9D81-D21062A2B8F2}"
EndProject
Project("{FAE04EC0-301F-11D3-BF4B-00C04F79EFBC}") = "TelemetryChannel.Nuget.Tests", "Test\ServerTelemetryChannel.Test\TelemetryChannel.Nuget.Tests\TelemetryChannel.Nuget.Tests.csproj", "{21CB9A8A-F25B-4DEB-92CB-ACB6920EB8BC}"
EndProject
Project("{9A19103F-16F7-4668-BE54-9A1E7A4F7556}") = "Core", "src\Core\Managed\Core.csproj", "{E9ECEE96-DD50-42F6-9F33-0978CDFA15ED}"
EndProject
Project("{9A19103F-16F7-4668-BE54-9A1E7A4F7556}") = "Core.NuGet", "src\Core\NuGet\Core.NuGet.csproj", "{32114B40-35BA-461F-93AC-A2DB7F7CE15B}"
EndProject
Project("{FAE04EC0-301F-11D3-BF4B-00C04F79EFBC}") = "DummyCore", "src\Core\DummyCore\DummyCore.csproj", "{40CCD816-19FD-4B1D-9E24-AD2099351187}"
EndProject
Project("{FAE04EC0-301F-11D3-BF4B-00C04F79EFBC}") = "Core.Standalone.Tests", "Test\CoreSDK.Test\Standalone\Core.Standalone.Tests.csproj", "{2759BC71-7F47-44DA-8579-AE2D8C8C684D}"
EndProject
Global
	GlobalSection(SharedMSBuildProjectFiles) = preSolution
		Test\CoreSDK.Test\Shared\Core.Shared.Tests.projitems*{0927e682-4a56-45b6-8125-94fa066b2f57}*SharedItemsImports = 4
		Test\TestFramework\Shared\TestFramework.Shared.projitems*{0927e682-4a56-45b6-8125-94fa066b2f57}*SharedItemsImports = 4
		Test\CoreSDK.Test\Shared\Core.Shared.Tests.projitems*{0927e682-4a56-46b6-8125-94fa066b2f57}*SharedItemsImports = 4
		Test\TestFramework\Shared\TestFramework.Shared.projitems*{0927e682-4a56-46b6-8125-94fa066b2f57}*SharedItemsImports = 4
		src\TelemetryChannels\ServerTelemetryChannel\Shared\Shared.projitems*{18ce7397-7566-46d6-a52d-3b441363b326}*SharedItemsImports = 4
		src\TelemetryChannels\ServerTelemetryChannel\Shared\Shared.projitems*{1ac957c0-e9a7-42bb-8820-ce2f6e5c937f}*SharedItemsImports = 4
		Test\CoreSDK.Test\Shared\Core.Shared.Tests.projitems*{394a78e5-2f8f-4d2d-ae08-027380c9f6b2}*SharedItemsImports = 4
		Test\TestFramework\Shared\TestFramework.Shared.projitems*{394a78e5-2f8f-4d2d-ae08-027380c9f6b2}*SharedItemsImports = 4
		Test\ServerTelemetryChannel.Test\Shared.Tests\Shared.Tests.projitems*{a7ccc704-cca9-492a-bb8a-3de5ee9aeac8}*SharedItemsImports = 4
		Test\TestFramework\Shared\TestFramework.Shared.projitems*{a7ccc704-cca9-492a-bb8a-3de5ee9aeac8}*SharedItemsImports = 4
		Test\CoreSDK.Test\Shared\Core.Shared.Tests.projitems*{c4a0db5b-0988-4e04-b9b8-bcf3b0842000}*SharedItemsImports = 13
		Test\ServerTelemetryChannel.Test\Shared.Tests\Shared.Tests.projitems*{c5a3f18f-1426-4941-9d81-d21062a2b8f2}*SharedItemsImports = 13
		src\TelemetryChannels\ServerTelemetryChannel\Shared\Shared.projitems*{d03ac224-d6c9-4c64-9b82-619e28ff9ac6}*SharedItemsImports = 13
		Test\ServerTelemetryChannel.Test\Shared.Tests\Shared.Tests.projitems*{dd9659be-7c0f-4298-82b2-5e957f95977a}*SharedItemsImports = 4
		Test\TestFramework\Shared\TestFramework.Shared.projitems*{dd9659be-7c0f-4298-82b2-5e957f95977a}*SharedItemsImports = 4
		Test\TestFramework\Shared\TestFramework.Shared.projitems*{f76c6cbd-29b0-4564-bdcb-c969f8fec136}*SharedItemsImports = 13
	EndGlobalSection
	GlobalSection(SolutionConfigurationPlatforms) = preSolution
		Debug|Any CPU = Debug|Any CPU
		Debug|ARM = Debug|ARM
		Debug|Mixed Platforms = Debug|Mixed Platforms
		Debug|x64 = Debug|x64
		Debug|x86 = Debug|x86
		Release|Any CPU = Release|Any CPU
		Release|ARM = Release|ARM
		Release|Mixed Platforms = Release|Mixed Platforms
		Release|x64 = Release|x64
		Release|x86 = Release|x86
	EndGlobalSection
	GlobalSection(ProjectConfigurationPlatforms) = postSolution
		{394A78E5-2F8F-4D2D-AE08-027380C9F6B2}.Debug|Any CPU.ActiveCfg = Debug|Any CPU
		{394A78E5-2F8F-4D2D-AE08-027380C9F6B2}.Debug|Any CPU.Build.0 = Debug|Any CPU
		{394A78E5-2F8F-4D2D-AE08-027380C9F6B2}.Debug|ARM.ActiveCfg = Debug|Any CPU
		{394A78E5-2F8F-4D2D-AE08-027380C9F6B2}.Debug|Mixed Platforms.ActiveCfg = Debug|Any CPU
		{394A78E5-2F8F-4D2D-AE08-027380C9F6B2}.Debug|Mixed Platforms.Build.0 = Debug|Any CPU
		{394A78E5-2F8F-4D2D-AE08-027380C9F6B2}.Debug|x64.ActiveCfg = Debug|Any CPU
		{394A78E5-2F8F-4D2D-AE08-027380C9F6B2}.Debug|x64.Build.0 = Debug|Any CPU
		{394A78E5-2F8F-4D2D-AE08-027380C9F6B2}.Debug|x86.ActiveCfg = Debug|Any CPU
		{394A78E5-2F8F-4D2D-AE08-027380C9F6B2}.Release|Any CPU.ActiveCfg = Release|Any CPU
		{394A78E5-2F8F-4D2D-AE08-027380C9F6B2}.Release|Any CPU.Build.0 = Release|Any CPU
		{394A78E5-2F8F-4D2D-AE08-027380C9F6B2}.Release|ARM.ActiveCfg = Release|Any CPU
		{394A78E5-2F8F-4D2D-AE08-027380C9F6B2}.Release|Mixed Platforms.ActiveCfg = Release|Any CPU
		{394A78E5-2F8F-4D2D-AE08-027380C9F6B2}.Release|Mixed Platforms.Build.0 = Release|Any CPU
		{394A78E5-2F8F-4D2D-AE08-027380C9F6B2}.Release|x64.ActiveCfg = Release|Any CPU
		{394A78E5-2F8F-4D2D-AE08-027380C9F6B2}.Release|x64.Build.0 = Release|Any CPU
		{394A78E5-2F8F-4D2D-AE08-027380C9F6B2}.Release|x86.ActiveCfg = Release|Any CPU
		{08B950E4-EBDC-4AD8-8311-746F2E8DEAB2}.Debug|Any CPU.ActiveCfg = Debug|Any CPU
		{08B950E4-EBDC-4AD8-8311-746F2E8DEAB2}.Debug|Any CPU.Build.0 = Debug|Any CPU
		{08B950E4-EBDC-4AD8-8311-746F2E8DEAB2}.Debug|ARM.ActiveCfg = Debug|Any CPU
		{08B950E4-EBDC-4AD8-8311-746F2E8DEAB2}.Debug|ARM.Build.0 = Debug|Any CPU
		{08B950E4-EBDC-4AD8-8311-746F2E8DEAB2}.Debug|Mixed Platforms.ActiveCfg = Debug|Any CPU
		{08B950E4-EBDC-4AD8-8311-746F2E8DEAB2}.Debug|Mixed Platforms.Build.0 = Debug|Any CPU
		{08B950E4-EBDC-4AD8-8311-746F2E8DEAB2}.Debug|x64.ActiveCfg = Debug|Any CPU
		{08B950E4-EBDC-4AD8-8311-746F2E8DEAB2}.Debug|x64.Build.0 = Debug|Any CPU
		{08B950E4-EBDC-4AD8-8311-746F2E8DEAB2}.Debug|x86.ActiveCfg = Debug|Any CPU
		{08B950E4-EBDC-4AD8-8311-746F2E8DEAB2}.Debug|x86.Build.0 = Debug|Any CPU
		{08B950E4-EBDC-4AD8-8311-746F2E8DEAB2}.Release|Any CPU.ActiveCfg = Release|Any CPU
		{08B950E4-EBDC-4AD8-8311-746F2E8DEAB2}.Release|Any CPU.Build.0 = Release|Any CPU
		{08B950E4-EBDC-4AD8-8311-746F2E8DEAB2}.Release|ARM.ActiveCfg = Release|Any CPU
		{08B950E4-EBDC-4AD8-8311-746F2E8DEAB2}.Release|ARM.Build.0 = Release|Any CPU
		{08B950E4-EBDC-4AD8-8311-746F2E8DEAB2}.Release|Mixed Platforms.ActiveCfg = Release|Any CPU
		{08B950E4-EBDC-4AD8-8311-746F2E8DEAB2}.Release|Mixed Platforms.Build.0 = Release|Any CPU
		{08B950E4-EBDC-4AD8-8311-746F2E8DEAB2}.Release|x64.ActiveCfg = Release|Any CPU
		{08B950E4-EBDC-4AD8-8311-746F2E8DEAB2}.Release|x64.Build.0 = Release|Any CPU
		{08B950E4-EBDC-4AD8-8311-746F2E8DEAB2}.Release|x86.ActiveCfg = Release|Any CPU
		{08B950E4-EBDC-4AD8-8311-746F2E8DEAB2}.Release|x86.Build.0 = Release|Any CPU
		{0927E682-4A56-45B6-8125-94FA066B2F57}.Debug|Any CPU.ActiveCfg = Debug|Any CPU
		{0927E682-4A56-45B6-8125-94FA066B2F57}.Debug|Any CPU.Build.0 = Debug|Any CPU
		{0927E682-4A56-45B6-8125-94FA066B2F57}.Debug|ARM.ActiveCfg = Debug|Any CPU
		{0927E682-4A56-45B6-8125-94FA066B2F57}.Debug|ARM.Build.0 = Debug|Any CPU
		{0927E682-4A56-45B6-8125-94FA066B2F57}.Debug|Mixed Platforms.ActiveCfg = Debug|Any CPU
		{0927E682-4A56-45B6-8125-94FA066B2F57}.Debug|Mixed Platforms.Build.0 = Debug|Any CPU
		{0927E682-4A56-45B6-8125-94FA066B2F57}.Debug|x64.ActiveCfg = Debug|Any CPU
		{0927E682-4A56-45B6-8125-94FA066B2F57}.Debug|x64.Build.0 = Debug|Any CPU
		{0927E682-4A56-45B6-8125-94FA066B2F57}.Debug|x86.ActiveCfg = Debug|Any CPU
		{0927E682-4A56-45B6-8125-94FA066B2F57}.Debug|x86.Build.0 = Debug|Any CPU
		{0927E682-4A56-45B6-8125-94FA066B2F57}.Release|Any CPU.ActiveCfg = Release|Any CPU
		{0927E682-4A56-45B6-8125-94FA066B2F57}.Release|Any CPU.Build.0 = Release|Any CPU
		{0927E682-4A56-45B6-8125-94FA066B2F57}.Release|ARM.ActiveCfg = Release|Any CPU
		{0927E682-4A56-45B6-8125-94FA066B2F57}.Release|ARM.Build.0 = Release|Any CPU
		{0927E682-4A56-45B6-8125-94FA066B2F57}.Release|Mixed Platforms.ActiveCfg = Release|Any CPU
		{0927E682-4A56-45B6-8125-94FA066B2F57}.Release|Mixed Platforms.Build.0 = Release|Any CPU
		{0927E682-4A56-45B6-8125-94FA066B2F57}.Release|x64.ActiveCfg = Release|Any CPU
		{0927E682-4A56-45B6-8125-94FA066B2F57}.Release|x64.Build.0 = Release|Any CPU
		{0927E682-4A56-45B6-8125-94FA066B2F57}.Release|x86.ActiveCfg = Release|Any CPU
		{0927E682-4A56-45B6-8125-94FA066B2F57}.Release|x86.Build.0 = Release|Any CPU
		{0927E682-4A56-46B6-8125-94FA066B2F57}.Debug|Any CPU.ActiveCfg = Debug|Any CPU
		{0927E682-4A56-46B6-8125-94FA066B2F57}.Debug|Any CPU.Build.0 = Debug|Any CPU
		{0927E682-4A56-46B6-8125-94FA066B2F57}.Debug|ARM.ActiveCfg = Debug|Any CPU
		{0927E682-4A56-46B6-8125-94FA066B2F57}.Debug|ARM.Build.0 = Debug|Any CPU
		{0927E682-4A56-46B6-8125-94FA066B2F57}.Debug|Mixed Platforms.ActiveCfg = Debug|Any CPU
		{0927E682-4A56-46B6-8125-94FA066B2F57}.Debug|Mixed Platforms.Build.0 = Debug|Any CPU
		{0927E682-4A56-46B6-8125-94FA066B2F57}.Debug|x64.ActiveCfg = Debug|Any CPU
		{0927E682-4A56-46B6-8125-94FA066B2F57}.Debug|x64.Build.0 = Debug|Any CPU
		{0927E682-4A56-46B6-8125-94FA066B2F57}.Debug|x86.ActiveCfg = Debug|Any CPU
		{0927E682-4A56-46B6-8125-94FA066B2F57}.Debug|x86.Build.0 = Debug|Any CPU
		{0927E682-4A56-46B6-8125-94FA066B2F57}.Release|Any CPU.ActiveCfg = Release|Any CPU
		{0927E682-4A56-46B6-8125-94FA066B2F57}.Release|Any CPU.Build.0 = Release|Any CPU
		{0927E682-4A56-46B6-8125-94FA066B2F57}.Release|ARM.ActiveCfg = Release|Any CPU
		{0927E682-4A56-46B6-8125-94FA066B2F57}.Release|ARM.Build.0 = Release|Any CPU
		{0927E682-4A56-46B6-8125-94FA066B2F57}.Release|Mixed Platforms.ActiveCfg = Release|Any CPU
		{0927E682-4A56-46B6-8125-94FA066B2F57}.Release|Mixed Platforms.Build.0 = Release|Any CPU
		{0927E682-4A56-46B6-8125-94FA066B2F57}.Release|x64.ActiveCfg = Release|Any CPU
		{0927E682-4A56-46B6-8125-94FA066B2F57}.Release|x64.Build.0 = Release|Any CPU
		{0927E682-4A56-46B6-8125-94FA066B2F57}.Release|x86.ActiveCfg = Release|Any CPU
		{0927E682-4A56-46B6-8125-94FA066B2F57}.Release|x86.Build.0 = Release|Any CPU
		{4B0BC3B7-C7FC-4333-9E28-5790D9153F07}.Debug|Any CPU.ActiveCfg = Debug|Any CPU
		{4B0BC3B7-C7FC-4333-9E28-5790D9153F07}.Debug|Any CPU.Build.0 = Debug|Any CPU
		{4B0BC3B7-C7FC-4333-9E28-5790D9153F07}.Debug|ARM.ActiveCfg = Debug|Any CPU
		{4B0BC3B7-C7FC-4333-9E28-5790D9153F07}.Debug|ARM.Build.0 = Debug|Any CPU
		{4B0BC3B7-C7FC-4333-9E28-5790D9153F07}.Debug|Mixed Platforms.ActiveCfg = Debug|Any CPU
		{4B0BC3B7-C7FC-4333-9E28-5790D9153F07}.Debug|Mixed Platforms.Build.0 = Debug|Any CPU
		{4B0BC3B7-C7FC-4333-9E28-5790D9153F07}.Debug|x64.ActiveCfg = Debug|Any CPU
		{4B0BC3B7-C7FC-4333-9E28-5790D9153F07}.Debug|x64.Build.0 = Debug|Any CPU
		{4B0BC3B7-C7FC-4333-9E28-5790D9153F07}.Debug|x86.ActiveCfg = Debug|Any CPU
		{4B0BC3B7-C7FC-4333-9E28-5790D9153F07}.Debug|x86.Build.0 = Debug|Any CPU
		{4B0BC3B7-C7FC-4333-9E28-5790D9153F07}.Release|Any CPU.ActiveCfg = Release|Any CPU
		{4B0BC3B7-C7FC-4333-9E28-5790D9153F07}.Release|Any CPU.Build.0 = Release|Any CPU
		{4B0BC3B7-C7FC-4333-9E28-5790D9153F07}.Release|ARM.ActiveCfg = Release|Any CPU
		{4B0BC3B7-C7FC-4333-9E28-5790D9153F07}.Release|ARM.Build.0 = Release|Any CPU
		{4B0BC3B7-C7FC-4333-9E28-5790D9153F07}.Release|Mixed Platforms.ActiveCfg = Release|Any CPU
		{4B0BC3B7-C7FC-4333-9E28-5790D9153F07}.Release|Mixed Platforms.Build.0 = Release|Any CPU
		{4B0BC3B7-C7FC-4333-9E28-5790D9153F07}.Release|x64.ActiveCfg = Release|Any CPU
		{4B0BC3B7-C7FC-4333-9E28-5790D9153F07}.Release|x64.Build.0 = Release|Any CPU
		{4B0BC3B7-C7FC-4333-9E28-5790D9153F07}.Release|x86.ActiveCfg = Release|Any CPU
		{4B0BC3B7-C7FC-4333-9E28-5790D9153F07}.Release|x86.Build.0 = Release|Any CPU
		{F98B49CB-9AC5-45C3-82D9-7F407AC08EF4}.Debug|Any CPU.ActiveCfg = Debug|Any CPU
		{F98B49CB-9AC5-45C3-82D9-7F407AC08EF4}.Debug|Any CPU.Build.0 = Debug|Any CPU
		{F98B49CB-9AC5-45C3-82D9-7F407AC08EF4}.Debug|ARM.ActiveCfg = Debug|Any CPU
		{F98B49CB-9AC5-45C3-82D9-7F407AC08EF4}.Debug|ARM.Build.0 = Debug|Any CPU
		{F98B49CB-9AC5-45C3-82D9-7F407AC08EF4}.Debug|Mixed Platforms.ActiveCfg = Debug|Any CPU
		{F98B49CB-9AC5-45C3-82D9-7F407AC08EF4}.Debug|Mixed Platforms.Build.0 = Debug|Any CPU
		{F98B49CB-9AC5-45C3-82D9-7F407AC08EF4}.Debug|x64.ActiveCfg = Debug|Any CPU
		{F98B49CB-9AC5-45C3-82D9-7F407AC08EF4}.Debug|x64.Build.0 = Debug|Any CPU
		{F98B49CB-9AC5-45C3-82D9-7F407AC08EF4}.Debug|x86.ActiveCfg = Debug|Any CPU
		{F98B49CB-9AC5-45C3-82D9-7F407AC08EF4}.Debug|x86.Build.0 = Debug|Any CPU
		{F98B49CB-9AC5-45C3-82D9-7F407AC08EF4}.Release|Any CPU.ActiveCfg = Release|Any CPU
		{F98B49CB-9AC5-45C3-82D9-7F407AC08EF4}.Release|Any CPU.Build.0 = Release|Any CPU
		{F98B49CB-9AC5-45C3-82D9-7F407AC08EF4}.Release|ARM.ActiveCfg = Release|Any CPU
		{F98B49CB-9AC5-45C3-82D9-7F407AC08EF4}.Release|ARM.Build.0 = Release|Any CPU
		{F98B49CB-9AC5-45C3-82D9-7F407AC08EF4}.Release|Mixed Platforms.ActiveCfg = Release|Any CPU
		{F98B49CB-9AC5-45C3-82D9-7F407AC08EF4}.Release|Mixed Platforms.Build.0 = Release|Any CPU
		{F98B49CB-9AC5-45C3-82D9-7F407AC08EF4}.Release|x64.ActiveCfg = Release|Any CPU
		{F98B49CB-9AC5-45C3-82D9-7F407AC08EF4}.Release|x64.Build.0 = Release|Any CPU
		{F98B49CB-9AC5-45C3-82D9-7F407AC08EF4}.Release|x86.ActiveCfg = Release|Any CPU
		{F98B49CB-9AC5-45C3-82D9-7F407AC08EF4}.Release|x86.Build.0 = Release|Any CPU
		{1AC957C0-E9A7-42BB-8820-CE2F6E5C937F}.Debug|Any CPU.ActiveCfg = Debug|Any CPU
		{1AC957C0-E9A7-42BB-8820-CE2F6E5C937F}.Debug|Any CPU.Build.0 = Debug|Any CPU
		{1AC957C0-E9A7-42BB-8820-CE2F6E5C937F}.Debug|ARM.ActiveCfg = Debug|Any CPU
		{1AC957C0-E9A7-42BB-8820-CE2F6E5C937F}.Debug|ARM.Build.0 = Debug|Any CPU
		{1AC957C0-E9A7-42BB-8820-CE2F6E5C937F}.Debug|Mixed Platforms.ActiveCfg = Debug|Any CPU
		{1AC957C0-E9A7-42BB-8820-CE2F6E5C937F}.Debug|Mixed Platforms.Build.0 = Debug|Any CPU
		{1AC957C0-E9A7-42BB-8820-CE2F6E5C937F}.Debug|x64.ActiveCfg = Debug|Any CPU
		{1AC957C0-E9A7-42BB-8820-CE2F6E5C937F}.Debug|x64.Build.0 = Debug|Any CPU
		{1AC957C0-E9A7-42BB-8820-CE2F6E5C937F}.Debug|x86.ActiveCfg = Debug|Any CPU
		{1AC957C0-E9A7-42BB-8820-CE2F6E5C937F}.Debug|x86.Build.0 = Debug|Any CPU
		{1AC957C0-E9A7-42BB-8820-CE2F6E5C937F}.Release|Any CPU.ActiveCfg = Release|Any CPU
		{1AC957C0-E9A7-42BB-8820-CE2F6E5C937F}.Release|Any CPU.Build.0 = Release|Any CPU
		{1AC957C0-E9A7-42BB-8820-CE2F6E5C937F}.Release|ARM.ActiveCfg = Release|Any CPU
		{1AC957C0-E9A7-42BB-8820-CE2F6E5C937F}.Release|ARM.Build.0 = Release|Any CPU
		{1AC957C0-E9A7-42BB-8820-CE2F6E5C937F}.Release|Mixed Platforms.ActiveCfg = Release|Any CPU
		{1AC957C0-E9A7-42BB-8820-CE2F6E5C937F}.Release|Mixed Platforms.Build.0 = Release|Any CPU
		{1AC957C0-E9A7-42BB-8820-CE2F6E5C937F}.Release|x64.ActiveCfg = Release|Any CPU
		{1AC957C0-E9A7-42BB-8820-CE2F6E5C937F}.Release|x64.Build.0 = Release|Any CPU
		{1AC957C0-E9A7-42BB-8820-CE2F6E5C937F}.Release|x86.ActiveCfg = Release|Any CPU
		{1AC957C0-E9A7-42BB-8820-CE2F6E5C937F}.Release|x86.Build.0 = Release|Any CPU
		{18CE7397-7566-46D6-A52D-3B441363B326}.Debug|Any CPU.ActiveCfg = Debug|Any CPU
		{18CE7397-7566-46D6-A52D-3B441363B326}.Debug|Any CPU.Build.0 = Debug|Any CPU
		{18CE7397-7566-46D6-A52D-3B441363B326}.Debug|ARM.ActiveCfg = Debug|Any CPU
		{18CE7397-7566-46D6-A52D-3B441363B326}.Debug|ARM.Build.0 = Debug|Any CPU
		{18CE7397-7566-46D6-A52D-3B441363B326}.Debug|Mixed Platforms.ActiveCfg = Debug|Any CPU
		{18CE7397-7566-46D6-A52D-3B441363B326}.Debug|Mixed Platforms.Build.0 = Debug|Any CPU
		{18CE7397-7566-46D6-A52D-3B441363B326}.Debug|x64.ActiveCfg = Debug|Any CPU
		{18CE7397-7566-46D6-A52D-3B441363B326}.Debug|x64.Build.0 = Debug|Any CPU
		{18CE7397-7566-46D6-A52D-3B441363B326}.Debug|x86.ActiveCfg = Debug|Any CPU
		{18CE7397-7566-46D6-A52D-3B441363B326}.Debug|x86.Build.0 = Debug|Any CPU
		{18CE7397-7566-46D6-A52D-3B441363B326}.Release|Any CPU.ActiveCfg = Release|Any CPU
		{18CE7397-7566-46D6-A52D-3B441363B326}.Release|Any CPU.Build.0 = Release|Any CPU
		{18CE7397-7566-46D6-A52D-3B441363B326}.Release|ARM.ActiveCfg = Release|Any CPU
		{18CE7397-7566-46D6-A52D-3B441363B326}.Release|ARM.Build.0 = Release|Any CPU
		{18CE7397-7566-46D6-A52D-3B441363B326}.Release|Mixed Platforms.ActiveCfg = Release|Any CPU
		{18CE7397-7566-46D6-A52D-3B441363B326}.Release|Mixed Platforms.Build.0 = Release|Any CPU
		{18CE7397-7566-46D6-A52D-3B441363B326}.Release|x64.ActiveCfg = Release|Any CPU
		{18CE7397-7566-46D6-A52D-3B441363B326}.Release|x64.Build.0 = Release|Any CPU
		{18CE7397-7566-46D6-A52D-3B441363B326}.Release|x86.ActiveCfg = Release|Any CPU
		{18CE7397-7566-46D6-A52D-3B441363B326}.Release|x86.Build.0 = Release|Any CPU
		{A7CCC704-CCA9-492A-BB8A-3DE5EE9AEAC8}.Debug|Any CPU.ActiveCfg = Debug|Any CPU
		{A7CCC704-CCA9-492A-BB8A-3DE5EE9AEAC8}.Debug|Any CPU.Build.0 = Debug|Any CPU
		{A7CCC704-CCA9-492A-BB8A-3DE5EE9AEAC8}.Debug|ARM.ActiveCfg = Debug|Any CPU
		{A7CCC704-CCA9-492A-BB8A-3DE5EE9AEAC8}.Debug|ARM.Build.0 = Debug|Any CPU
		{A7CCC704-CCA9-492A-BB8A-3DE5EE9AEAC8}.Debug|Mixed Platforms.ActiveCfg = Debug|Any CPU
		{A7CCC704-CCA9-492A-BB8A-3DE5EE9AEAC8}.Debug|Mixed Platforms.Build.0 = Debug|Any CPU
		{A7CCC704-CCA9-492A-BB8A-3DE5EE9AEAC8}.Debug|x64.ActiveCfg = Debug|Any CPU
		{A7CCC704-CCA9-492A-BB8A-3DE5EE9AEAC8}.Debug|x64.Build.0 = Debug|Any CPU
		{A7CCC704-CCA9-492A-BB8A-3DE5EE9AEAC8}.Debug|x86.ActiveCfg = Debug|Any CPU
		{A7CCC704-CCA9-492A-BB8A-3DE5EE9AEAC8}.Debug|x86.Build.0 = Debug|Any CPU
		{A7CCC704-CCA9-492A-BB8A-3DE5EE9AEAC8}.Release|Any CPU.ActiveCfg = Release|Any CPU
		{A7CCC704-CCA9-492A-BB8A-3DE5EE9AEAC8}.Release|Any CPU.Build.0 = Release|Any CPU
		{A7CCC704-CCA9-492A-BB8A-3DE5EE9AEAC8}.Release|ARM.ActiveCfg = Release|Any CPU
		{A7CCC704-CCA9-492A-BB8A-3DE5EE9AEAC8}.Release|ARM.Build.0 = Release|Any CPU
		{A7CCC704-CCA9-492A-BB8A-3DE5EE9AEAC8}.Release|Mixed Platforms.ActiveCfg = Release|Any CPU
		{A7CCC704-CCA9-492A-BB8A-3DE5EE9AEAC8}.Release|Mixed Platforms.Build.0 = Release|Any CPU
		{A7CCC704-CCA9-492A-BB8A-3DE5EE9AEAC8}.Release|x64.ActiveCfg = Release|Any CPU
		{A7CCC704-CCA9-492A-BB8A-3DE5EE9AEAC8}.Release|x64.Build.0 = Release|Any CPU
		{A7CCC704-CCA9-492A-BB8A-3DE5EE9AEAC8}.Release|x86.ActiveCfg = Release|Any CPU
		{A7CCC704-CCA9-492A-BB8A-3DE5EE9AEAC8}.Release|x86.Build.0 = Release|Any CPU
		{DD9659BE-7C0F-4298-82B2-5E957F95977A}.Debug|Any CPU.ActiveCfg = Debug|Any CPU
		{DD9659BE-7C0F-4298-82B2-5E957F95977A}.Debug|Any CPU.Build.0 = Debug|Any CPU
		{DD9659BE-7C0F-4298-82B2-5E957F95977A}.Debug|ARM.ActiveCfg = Debug|Any CPU
		{DD9659BE-7C0F-4298-82B2-5E957F95977A}.Debug|ARM.Build.0 = Debug|Any CPU
		{DD9659BE-7C0F-4298-82B2-5E957F95977A}.Debug|Mixed Platforms.ActiveCfg = Debug|Any CPU
		{DD9659BE-7C0F-4298-82B2-5E957F95977A}.Debug|Mixed Platforms.Build.0 = Debug|Any CPU
		{DD9659BE-7C0F-4298-82B2-5E957F95977A}.Debug|x64.ActiveCfg = Debug|Any CPU
		{DD9659BE-7C0F-4298-82B2-5E957F95977A}.Debug|x64.Build.0 = Debug|Any CPU
		{DD9659BE-7C0F-4298-82B2-5E957F95977A}.Debug|x86.ActiveCfg = Debug|Any CPU
		{DD9659BE-7C0F-4298-82B2-5E957F95977A}.Debug|x86.Build.0 = Debug|Any CPU
		{DD9659BE-7C0F-4298-82B2-5E957F95977A}.Release|Any CPU.ActiveCfg = Release|Any CPU
		{DD9659BE-7C0F-4298-82B2-5E957F95977A}.Release|Any CPU.Build.0 = Release|Any CPU
		{DD9659BE-7C0F-4298-82B2-5E957F95977A}.Release|ARM.ActiveCfg = Release|Any CPU
		{DD9659BE-7C0F-4298-82B2-5E957F95977A}.Release|ARM.Build.0 = Release|Any CPU
		{DD9659BE-7C0F-4298-82B2-5E957F95977A}.Release|Mixed Platforms.ActiveCfg = Release|Any CPU
		{DD9659BE-7C0F-4298-82B2-5E957F95977A}.Release|Mixed Platforms.Build.0 = Release|Any CPU
		{DD9659BE-7C0F-4298-82B2-5E957F95977A}.Release|x64.ActiveCfg = Release|Any CPU
		{DD9659BE-7C0F-4298-82B2-5E957F95977A}.Release|x64.Build.0 = Release|Any CPU
		{DD9659BE-7C0F-4298-82B2-5E957F95977A}.Release|x86.ActiveCfg = Release|Any CPU
		{DD9659BE-7C0F-4298-82B2-5E957F95977A}.Release|x86.Build.0 = Release|Any CPU
		{21CB9A8A-F25B-4DEB-92CB-ACB6920EB8BC}.Debug|Any CPU.ActiveCfg = Debug|Any CPU
		{21CB9A8A-F25B-4DEB-92CB-ACB6920EB8BC}.Debug|Any CPU.Build.0 = Debug|Any CPU
		{21CB9A8A-F25B-4DEB-92CB-ACB6920EB8BC}.Debug|ARM.ActiveCfg = Debug|Any CPU
		{21CB9A8A-F25B-4DEB-92CB-ACB6920EB8BC}.Debug|ARM.Build.0 = Debug|Any CPU
		{21CB9A8A-F25B-4DEB-92CB-ACB6920EB8BC}.Debug|Mixed Platforms.ActiveCfg = Debug|Any CPU
		{21CB9A8A-F25B-4DEB-92CB-ACB6920EB8BC}.Debug|Mixed Platforms.Build.0 = Debug|Any CPU
		{21CB9A8A-F25B-4DEB-92CB-ACB6920EB8BC}.Debug|x64.ActiveCfg = Debug|Any CPU
		{21CB9A8A-F25B-4DEB-92CB-ACB6920EB8BC}.Debug|x64.Build.0 = Debug|Any CPU
		{21CB9A8A-F25B-4DEB-92CB-ACB6920EB8BC}.Debug|x86.ActiveCfg = Debug|Any CPU
		{21CB9A8A-F25B-4DEB-92CB-ACB6920EB8BC}.Debug|x86.Build.0 = Debug|Any CPU
		{21CB9A8A-F25B-4DEB-92CB-ACB6920EB8BC}.Release|Any CPU.ActiveCfg = Release|Any CPU
		{21CB9A8A-F25B-4DEB-92CB-ACB6920EB8BC}.Release|Any CPU.Build.0 = Release|Any CPU
		{21CB9A8A-F25B-4DEB-92CB-ACB6920EB8BC}.Release|ARM.ActiveCfg = Release|Any CPU
		{21CB9A8A-F25B-4DEB-92CB-ACB6920EB8BC}.Release|ARM.Build.0 = Release|Any CPU
		{21CB9A8A-F25B-4DEB-92CB-ACB6920EB8BC}.Release|Mixed Platforms.ActiveCfg = Release|Any CPU
		{21CB9A8A-F25B-4DEB-92CB-ACB6920EB8BC}.Release|Mixed Platforms.Build.0 = Release|Any CPU
		{21CB9A8A-F25B-4DEB-92CB-ACB6920EB8BC}.Release|x64.ActiveCfg = Release|Any CPU
		{21CB9A8A-F25B-4DEB-92CB-ACB6920EB8BC}.Release|x64.Build.0 = Release|Any CPU
		{21CB9A8A-F25B-4DEB-92CB-ACB6920EB8BC}.Release|x86.ActiveCfg = Release|Any CPU
		{21CB9A8A-F25B-4DEB-92CB-ACB6920EB8BC}.Release|x86.Build.0 = Release|Any CPU
		{E9ECEE96-DD50-42F6-9F33-0978CDFA15ED}.Debug|Any CPU.ActiveCfg = Debug|Any CPU
		{E9ECEE96-DD50-42F6-9F33-0978CDFA15ED}.Debug|Any CPU.Build.0 = Debug|Any CPU
		{E9ECEE96-DD50-42F6-9F33-0978CDFA15ED}.Debug|ARM.ActiveCfg = Debug|Any CPU
		{E9ECEE96-DD50-42F6-9F33-0978CDFA15ED}.Debug|ARM.Build.0 = Debug|Any CPU
		{E9ECEE96-DD50-42F6-9F33-0978CDFA15ED}.Debug|Mixed Platforms.ActiveCfg = Debug|Any CPU
		{E9ECEE96-DD50-42F6-9F33-0978CDFA15ED}.Debug|Mixed Platforms.Build.0 = Debug|Any CPU
		{E9ECEE96-DD50-42F6-9F33-0978CDFA15ED}.Debug|x64.ActiveCfg = Debug|Any CPU
		{E9ECEE96-DD50-42F6-9F33-0978CDFA15ED}.Debug|x64.Build.0 = Debug|Any CPU
		{E9ECEE96-DD50-42F6-9F33-0978CDFA15ED}.Debug|x86.ActiveCfg = Debug|Any CPU
		{E9ECEE96-DD50-42F6-9F33-0978CDFA15ED}.Debug|x86.Build.0 = Debug|Any CPU
		{E9ECEE96-DD50-42F6-9F33-0978CDFA15ED}.Release|Any CPU.ActiveCfg = Release|Any CPU
		{E9ECEE96-DD50-42F6-9F33-0978CDFA15ED}.Release|Any CPU.Build.0 = Release|Any CPU
		{E9ECEE96-DD50-42F6-9F33-0978CDFA15ED}.Release|ARM.ActiveCfg = Release|Any CPU
		{E9ECEE96-DD50-42F6-9F33-0978CDFA15ED}.Release|ARM.Build.0 = Release|Any CPU
		{E9ECEE96-DD50-42F6-9F33-0978CDFA15ED}.Release|Mixed Platforms.ActiveCfg = Release|Any CPU
		{E9ECEE96-DD50-42F6-9F33-0978CDFA15ED}.Release|Mixed Platforms.Build.0 = Release|Any CPU
		{E9ECEE96-DD50-42F6-9F33-0978CDFA15ED}.Release|x64.ActiveCfg = Release|Any CPU
		{E9ECEE96-DD50-42F6-9F33-0978CDFA15ED}.Release|x64.Build.0 = Release|Any CPU
		{E9ECEE96-DD50-42F6-9F33-0978CDFA15ED}.Release|x86.ActiveCfg = Release|Any CPU
		{E9ECEE96-DD50-42F6-9F33-0978CDFA15ED}.Release|x86.Build.0 = Release|Any CPU
		{32114B40-35BA-461F-93AC-A2DB7F7CE15B}.Debug|Any CPU.ActiveCfg = Debug|Any CPU
		{32114B40-35BA-461F-93AC-A2DB7F7CE15B}.Debug|Any CPU.Build.0 = Debug|Any CPU
		{32114B40-35BA-461F-93AC-A2DB7F7CE15B}.Debug|ARM.ActiveCfg = Debug|Any CPU
		{32114B40-35BA-461F-93AC-A2DB7F7CE15B}.Debug|ARM.Build.0 = Debug|Any CPU
		{32114B40-35BA-461F-93AC-A2DB7F7CE15B}.Debug|Mixed Platforms.ActiveCfg = Debug|Any CPU
		{32114B40-35BA-461F-93AC-A2DB7F7CE15B}.Debug|Mixed Platforms.Build.0 = Debug|Any CPU
		{32114B40-35BA-461F-93AC-A2DB7F7CE15B}.Debug|x64.ActiveCfg = Debug|Any CPU
		{32114B40-35BA-461F-93AC-A2DB7F7CE15B}.Debug|x64.Build.0 = Debug|Any CPU
		{32114B40-35BA-461F-93AC-A2DB7F7CE15B}.Debug|x86.ActiveCfg = Debug|Any CPU
		{32114B40-35BA-461F-93AC-A2DB7F7CE15B}.Debug|x86.Build.0 = Debug|Any CPU
		{32114B40-35BA-461F-93AC-A2DB7F7CE15B}.Release|Any CPU.ActiveCfg = Release|Any CPU
		{32114B40-35BA-461F-93AC-A2DB7F7CE15B}.Release|Any CPU.Build.0 = Release|Any CPU
		{32114B40-35BA-461F-93AC-A2DB7F7CE15B}.Release|ARM.ActiveCfg = Release|Any CPU
		{32114B40-35BA-461F-93AC-A2DB7F7CE15B}.Release|ARM.Build.0 = Release|Any CPU
		{32114B40-35BA-461F-93AC-A2DB7F7CE15B}.Release|Mixed Platforms.ActiveCfg = Release|Any CPU
		{32114B40-35BA-461F-93AC-A2DB7F7CE15B}.Release|Mixed Platforms.Build.0 = Release|Any CPU
		{32114B40-35BA-461F-93AC-A2DB7F7CE15B}.Release|x64.ActiveCfg = Release|Any CPU
		{32114B40-35BA-461F-93AC-A2DB7F7CE15B}.Release|x64.Build.0 = Release|Any CPU
		{32114B40-35BA-461F-93AC-A2DB7F7CE15B}.Release|x86.ActiveCfg = Release|Any CPU
		{32114B40-35BA-461F-93AC-A2DB7F7CE15B}.Release|x86.Build.0 = Release|Any CPU
		{40CCD816-19FD-4B1D-9E24-AD2099351187}.Debug|Any CPU.ActiveCfg = Debug|Any CPU
		{40CCD816-19FD-4B1D-9E24-AD2099351187}.Debug|Any CPU.Build.0 = Debug|Any CPU
		{40CCD816-19FD-4B1D-9E24-AD2099351187}.Debug|ARM.ActiveCfg = Debug|Any CPU
		{40CCD816-19FD-4B1D-9E24-AD2099351187}.Debug|ARM.Build.0 = Debug|Any CPU
		{40CCD816-19FD-4B1D-9E24-AD2099351187}.Debug|Mixed Platforms.ActiveCfg = Debug|Any CPU
		{40CCD816-19FD-4B1D-9E24-AD2099351187}.Debug|Mixed Platforms.Build.0 = Debug|Any CPU
		{40CCD816-19FD-4B1D-9E24-AD2099351187}.Debug|x64.ActiveCfg = Debug|Any CPU
		{40CCD816-19FD-4B1D-9E24-AD2099351187}.Debug|x64.Build.0 = Debug|Any CPU
		{40CCD816-19FD-4B1D-9E24-AD2099351187}.Debug|x86.ActiveCfg = Debug|Any CPU
		{40CCD816-19FD-4B1D-9E24-AD2099351187}.Debug|x86.Build.0 = Debug|Any CPU
		{40CCD816-19FD-4B1D-9E24-AD2099351187}.Release|Any CPU.ActiveCfg = Release|Any CPU
		{40CCD816-19FD-4B1D-9E24-AD2099351187}.Release|Any CPU.Build.0 = Release|Any CPU
		{40CCD816-19FD-4B1D-9E24-AD2099351187}.Release|ARM.ActiveCfg = Release|Any CPU
		{40CCD816-19FD-4B1D-9E24-AD2099351187}.Release|ARM.Build.0 = Release|Any CPU
		{40CCD816-19FD-4B1D-9E24-AD2099351187}.Release|Mixed Platforms.ActiveCfg = Release|Any CPU
		{40CCD816-19FD-4B1D-9E24-AD2099351187}.Release|Mixed Platforms.Build.0 = Release|Any CPU
		{40CCD816-19FD-4B1D-9E24-AD2099351187}.Release|x64.ActiveCfg = Release|Any CPU
		{40CCD816-19FD-4B1D-9E24-AD2099351187}.Release|x64.Build.0 = Release|Any CPU
		{40CCD816-19FD-4B1D-9E24-AD2099351187}.Release|x86.ActiveCfg = Release|Any CPU
		{40CCD816-19FD-4B1D-9E24-AD2099351187}.Release|x86.Build.0 = Release|Any CPU
		{2759BC71-7F47-44DA-8579-AE2D8C8C684D}.Debug|Any CPU.ActiveCfg = Debug|Any CPU
		{2759BC71-7F47-44DA-8579-AE2D8C8C684D}.Debug|Any CPU.Build.0 = Debug|Any CPU
		{2759BC71-7F47-44DA-8579-AE2D8C8C684D}.Debug|ARM.ActiveCfg = Debug|Any CPU
		{2759BC71-7F47-44DA-8579-AE2D8C8C684D}.Debug|ARM.Build.0 = Debug|Any CPU
		{2759BC71-7F47-44DA-8579-AE2D8C8C684D}.Debug|Mixed Platforms.ActiveCfg = Debug|Any CPU
		{2759BC71-7F47-44DA-8579-AE2D8C8C684D}.Debug|Mixed Platforms.Build.0 = Debug|Any CPU
		{2759BC71-7F47-44DA-8579-AE2D8C8C684D}.Debug|x64.ActiveCfg = Debug|Any CPU
		{2759BC71-7F47-44DA-8579-AE2D8C8C684D}.Debug|x64.Build.0 = Debug|Any CPU
		{2759BC71-7F47-44DA-8579-AE2D8C8C684D}.Debug|x86.ActiveCfg = Debug|Any CPU
		{2759BC71-7F47-44DA-8579-AE2D8C8C684D}.Debug|x86.Build.0 = Debug|Any CPU
		{2759BC71-7F47-44DA-8579-AE2D8C8C684D}.Release|Any CPU.ActiveCfg = Release|Any CPU
		{2759BC71-7F47-44DA-8579-AE2D8C8C684D}.Release|Any CPU.Build.0 = Release|Any CPU
		{2759BC71-7F47-44DA-8579-AE2D8C8C684D}.Release|ARM.ActiveCfg = Release|Any CPU
		{2759BC71-7F47-44DA-8579-AE2D8C8C684D}.Release|ARM.Build.0 = Release|Any CPU
		{2759BC71-7F47-44DA-8579-AE2D8C8C684D}.Release|Mixed Platforms.ActiveCfg = Release|Any CPU
		{2759BC71-7F47-44DA-8579-AE2D8C8C684D}.Release|Mixed Platforms.Build.0 = Release|Any CPU
		{2759BC71-7F47-44DA-8579-AE2D8C8C684D}.Release|x64.ActiveCfg = Release|Any CPU
		{2759BC71-7F47-44DA-8579-AE2D8C8C684D}.Release|x64.Build.0 = Release|Any CPU
		{2759BC71-7F47-44DA-8579-AE2D8C8C684D}.Release|x86.ActiveCfg = Release|Any CPU
		{2759BC71-7F47-44DA-8579-AE2D8C8C684D}.Release|x86.Build.0 = Release|Any CPU
	EndGlobalSection
	GlobalSection(SolutionProperties) = preSolution
		HideSolutionNode = FALSE
	EndGlobalSection
	GlobalSection(NestedProjects) = preSolution
		{C4A0DB5B-0988-4E04-B9B8-BCF3B0842000} = {C2FEEDE5-8CAE-41A4-8932-42D284A86EA7}
		{394A78E5-2F8F-4D2D-AE08-027380C9F6B2} = {C2FEEDE5-8CAE-41A4-8932-42D284A86EA7}
		{0927E682-4A56-45B6-8125-94FA066B2F57} = {C2FEEDE5-8CAE-41A4-8932-42D284A86EA7}
		{0927E682-4A56-46B6-8125-94FA066B2F57} = {C2FEEDE5-8CAE-41A4-8932-42D284A86EA7}
		{4B0BC3B7-C7FC-4333-9E28-5790D9153F07} = {BED5EB47-4AB1-4387-98B6-83CC327D6D16}
		{F76C6CBD-29B0-4564-BDCB-C969F8FEC136} = {C2FEEDE5-8CAE-41A4-8932-42D284A86EA7}
		{F98B49CB-9AC5-45C3-82D9-7F407AC08EF4} = {05ACA4F0-E560-4E7A-BF50-1C248DAAA0D2}
		{1AC957C0-E9A7-42BB-8820-CE2F6E5C937F} = {E7B0521E-DA4D-40EA-B55D-ADCBDA69027C}
		{18CE7397-7566-46D6-A52D-3B441363B326} = {E7B0521E-DA4D-40EA-B55D-ADCBDA69027C}
		{D03AC224-D6C9-4C64-9B82-619E28FF9AC6} = {E7B0521E-DA4D-40EA-B55D-ADCBDA69027C}
		{A7CCC704-CCA9-492A-BB8A-3DE5EE9AEAC8} = {A61B048F-ECEA-4BED-A2ED-22834E7D4DFB}
		{DD9659BE-7C0F-4298-82B2-5E957F95977A} = {A61B048F-ECEA-4BED-A2ED-22834E7D4DFB}
		{C5A3F18F-1426-4941-9D81-D21062A2B8F2} = {A61B048F-ECEA-4BED-A2ED-22834E7D4DFB}
		{21CB9A8A-F25B-4DEB-92CB-ACB6920EB8BC} = {A61B048F-ECEA-4BED-A2ED-22834E7D4DFB}
		{E9ECEE96-DD50-42F6-9F33-0978CDFA15ED} = {68CC2924-E162-44BE-8D7A-DBA385365585}
		{32114B40-35BA-461F-93AC-A2DB7F7CE15B} = {05ACA4F0-E560-4E7A-BF50-1C248DAAA0D2}
		{40CCD816-19FD-4B1D-9E24-AD2099351187} = {68CC2924-E162-44BE-8D7A-DBA385365585}
		{2759BC71-7F47-44DA-8579-AE2D8C8C684D} = {C2FEEDE5-8CAE-41A4-8932-42D284A86EA7}
	EndGlobalSection
EndGlobal
