
Microsoft Visual Studio Solution File, Format Version 12.00
# Visual Studio Version 18
VisualStudioVersion = 18.0.11205.157
MinimumVisualStudioVersion = 10.0.40219.1
Project("{9A19103F-16F7-4668-BE54-9A1E7A4F7556}") = "Microsoft.ApplicationInsights", "BASE\src\Microsoft.ApplicationInsights\Microsoft.ApplicationInsights.csproj", "{E3D160E8-7F8C-416F-946F-6FDFC6787461}"
EndProject
Project("{9A19103F-16F7-4668-BE54-9A1E7A4F7556}") = "Web", "WEB\Src\Web\Web\Web.csproj", "{8293BC71-7DDC-4DD1-8807-280EEF7E752D}"
EndProject
Project("{D954291E-2A0B-460D-934E-DC6B0785DB48}") = "Common.Logging", "LOGGING\src\CommonShared\Common.Logging.shproj", "{587B624B-8C64-498E-93D7-A2D2ABC17EAB}"
EndProject
Project("{2150E333-8FDC-42A3-9474-1A3956D46DE8}") = "B) ApplicationInsights", "B) ApplicationInsights", "{632FB9CE-540D-4451-9FF2-12E89C1492BD}"
EndProject
Project("{2150E333-8FDC-42A3-9474-1A3956D46DE8}") = "W) Web", "W) Web", "{07076842-9CAA-4B4A-8AEF-88DE88CD37AC}"
EndProject
Project("{9A19103F-16F7-4668-BE54-9A1E7A4F7556}") = "NLogTarget", "LOGGING\src\NLogTarget\NLogTarget.csproj", "{63B8FDA7-2FF5-4A20-8DE7-EBB036012A54}"
EndProject
Project("{2150E333-8FDC-42A3-9474-1A3956D46DE8}") = "L) NLogTarget", "L) NLogTarget", "{39474EE1-28E8-456E-889F-553F129411C8}"
EndProject
Project("{9A19103F-16F7-4668-BE54-9A1E7A4F7556}") = "Microsoft.ApplicationInsights.AspNetCore", "NETCORE\src\Microsoft.ApplicationInsights.AspNetCore\Microsoft.ApplicationInsights.AspNetCore.csproj", "{AC399F09-B465-4CFD-8D82-F1D1C5C9347E}"
EndProject
Project("{2150E333-8FDC-42A3-9474-1A3956D46DE8}") = "C) AspNetCore", "C) AspNetCore", "{E9AEB857-E8AA-4ED6-A020-DF4D8486CEB0}"
EndProject
Project("{9A19103F-16F7-4668-BE54-9A1E7A4F7556}") = "Microsoft.ApplicationInsights.WorkerService", "NETCORE\src\Microsoft.ApplicationInsights.WorkerService\Microsoft.ApplicationInsights.WorkerService.csproj", "{3CAB7F66-3CC4-4B46-9B0D-765C460FE2BF}"
EndProject
Project("{2150E333-8FDC-42A3-9474-1A3956D46DE8}") = "C) WorkerService", "C) WorkerService", "{D8483C3E-C386-48AD-B935-700A54FDCF31}"
EndProject
Project("{D954291E-2A0B-460D-934E-DC6B0785DB48}") = "Common.NetCore", "NETCORE\src\Shared\Common.NetCore.shproj", "{D56F2979-D6BC-4EF2-BB9B-4077B3290599}"
EndProject
Global
	GlobalSection(SolutionConfigurationPlatforms) = preSolution
		Debug|Any CPU = Debug|Any CPU
		Release|Any CPU = Release|Any CPU
	EndGlobalSection
	GlobalSection(ProjectConfigurationPlatforms) = postSolution
		{E3D160E8-7F8C-416F-946F-6FDFC6787461}.Debug|Any CPU.ActiveCfg = Debug|Any CPU
		{E3D160E8-7F8C-416F-946F-6FDFC6787461}.Debug|Any CPU.Build.0 = Debug|Any CPU
		{E3D160E8-7F8C-416F-946F-6FDFC6787461}.Release|Any CPU.ActiveCfg = Release|Any CPU
		{E3D160E8-7F8C-416F-946F-6FDFC6787461}.Release|Any CPU.Build.0 = Release|Any CPU
		{8293BC71-7DDC-4DD1-8807-280EEF7E752D}.Debug|Any CPU.ActiveCfg = Debug|Any CPU
		{8293BC71-7DDC-4DD1-8807-280EEF7E752D}.Debug|Any CPU.Build.0 = Debug|Any CPU
		{8293BC71-7DDC-4DD1-8807-280EEF7E752D}.Release|Any CPU.ActiveCfg = Release|Any CPU
		{8293BC71-7DDC-4DD1-8807-280EEF7E752D}.Release|Any CPU.Build.0 = Release|Any CPU
		{63B8FDA7-2FF5-4A20-8DE7-EBB036012A54}.Debug|Any CPU.ActiveCfg = Debug|Any CPU
		{63B8FDA7-2FF5-4A20-8DE7-EBB036012A54}.Debug|Any CPU.Build.0 = Debug|Any CPU
		{63B8FDA7-2FF5-4A20-8DE7-EBB036012A54}.Release|Any CPU.ActiveCfg = Release|Any CPU
		{63B8FDA7-2FF5-4A20-8DE7-EBB036012A54}.Release|Any CPU.Build.0 = Release|Any CPU
		{AC399F09-B465-4CFD-8D82-F1D1C5C9347E}.Debug|Any CPU.ActiveCfg = Debug|Any CPU
		{AC399F09-B465-4CFD-8D82-F1D1C5C9347E}.Debug|Any CPU.Build.0 = Debug|Any CPU
		{AC399F09-B465-4CFD-8D82-F1D1C5C9347E}.Release|Any CPU.ActiveCfg = Release|Any CPU
		{AC399F09-B465-4CFD-8D82-F1D1C5C9347E}.Release|Any CPU.Build.0 = Release|Any CPU
		{3CAB7F66-3CC4-4B46-9B0D-765C460FE2BF}.Debug|Any CPU.ActiveCfg = Debug|Any CPU
		{3CAB7F66-3CC4-4B46-9B0D-765C460FE2BF}.Debug|Any CPU.Build.0 = Debug|Any CPU
		{3CAB7F66-3CC4-4B46-9B0D-765C460FE2BF}.Release|Any CPU.ActiveCfg = Release|Any CPU
		{3CAB7F66-3CC4-4B46-9B0D-765C460FE2BF}.Release|Any CPU.Build.0 = Release|Any CPU
	EndGlobalSection
	GlobalSection(SolutionProperties) = preSolution
		HideSolutionNode = FALSE
	EndGlobalSection
	GlobalSection(NestedProjects) = preSolution
		{E3D160E8-7F8C-416F-946F-6FDFC6787461} = {632FB9CE-540D-4451-9FF2-12E89C1492BD}
		{8293BC71-7DDC-4DD1-8807-280EEF7E752D} = {07076842-9CAA-4B4A-8AEF-88DE88CD37AC}
		{63B8FDA7-2FF5-4A20-8DE7-EBB036012A54} = {39474EE1-28E8-456E-889F-553F129411C8}
		{AC399F09-B465-4CFD-8D82-F1D1C5C9347E} = {E9AEB857-E8AA-4ED6-A020-DF4D8486CEB0}
		{3CAB7F66-3CC4-4B46-9B0D-765C460FE2BF} = {D8483C3E-C386-48AD-B935-700A54FDCF31}
	EndGlobalSection
	GlobalSection(ExtensibilityGlobals) = postSolution
		SolutionGuid = {0E0415AF-37CC-4999-8E5B-DD36F75BFD4D}
	EndGlobalSection
	GlobalSection(SharedMSBuildProjectFiles) = preSolution
		NETCORE\src\Shared\Shared.projitems*{3cab7f66-3cc4-4b46-9b0d-765c460fe2bf}*SharedItemsImports = 5
		LOGGING\src\CommonShared\CommonShared.projitems*{587b624b-8c64-498e-93d7-a2d2abc17eab}*SharedItemsImports = 13
		LOGGING\src\CommonShared\CommonShared.projitems*{63b8fda7-2ff5-4a20-8de7-ebb036012a54}*SharedItemsImports = 5
		WEB\Src\Common\Common.projitems*{8293bc71-7ddc-4dd1-8807-280eef7e752d}*SharedItemsImports = 5
		NETCORE\src\Shared\Shared.projitems*{ac399f09-b465-4cfd-8d82-f1d1c5c9347e}*SharedItemsImports = 5
		NETCORE\src\Shared\Shared.projitems*{d56f2979-d6bc-4ef2-bb9b-4077b3290599}*SharedItemsImports = 13
	EndGlobalSection
EndGlobal
