
Microsoft Visual Studio Solution File, Format Version 12.00
# Visual Studio Version 17
VisualStudioVersion = 17.14.36705.20 d17.14
MinimumVisualStudioVersion = 10.0.40219.1
Project("{2150E333-8FDC-42A3-9474-1A3956D46DE8}") = "src", "src", "{EE933574-C82B-4E59-A0D1-05328197B937}"
EndProject
Project("{2150E333-8FDC-42A3-9474-1A3956D46DE8}") = "test", "test", "{2FCC45B3-D820-405D-87FA-467C96465BB1}"
EndProject
Project("{2150E333-8FDC-42A3-9474-1A3956D46DE8}") = ".Solution Items", ".Solution Items", "{117E14CF-5656-42BD-B64E-93142160B6FA}"
	ProjectSection(SolutionItems) = preProject
		..\CHANGELOG.md = ..\CHANGELOG.md
		Directory.Build.props = Directory.Build.props
		README.md = README.md
	EndProjectSection
EndProject
Project("{9A19103F-16F7-4668-BE54-9A1E7A4F7556}") = "NLogTarget", "src\NLogTarget\NLogTarget.csproj", "{6C581DDA-88AF-4A64-984D-E275F2F21100}"
EndProject
Project("{2150E333-8FDC-42A3-9474-1A3956D46DE8}") = ".DependentProjects", ".DependentProjects", "{5D78454B-607D-481D-96E5-0E9EB323B027}"
EndProject
Project("{9A19103F-16F7-4668-BE54-9A1E7A4F7556}") = "Microsoft.ApplicationInsights", "..\BASE\src\Microsoft.ApplicationInsights\Microsoft.ApplicationInsights.csproj", "{ED1E83B0-8656-4E2D-BB8B-158A84C45477}"
EndProject
Project("{9A19103F-16F7-4668-BE54-9A1E7A4F7556}") = "NLogTarget.Tests", "test\NLogTarget.Tests\NLogTarget.Tests.csproj", "{446A21E3-71DB-40ED-B7A5-86E761EC9907}"
EndProject
Global
	GlobalSection(SolutionConfigurationPlatforms) = preSolution
		Debug|Any CPU = Debug|Any CPU
		Debug|Mixed Platforms = Debug|Mixed Platforms
		Release|Any CPU = Release|Any CPU
		Release|Mixed Platforms = Release|Mixed Platforms
	EndGlobalSection
	GlobalSection(ProjectConfigurationPlatforms) = postSolution
		{6C581DDA-88AF-4A64-984D-E275F2F21100}.Debug|Any CPU.ActiveCfg = Debug|Any CPU
		{6C581DDA-88AF-4A64-984D-E275F2F21100}.Debug|Any CPU.Build.0 = Debug|Any CPU
		{6C581DDA-88AF-4A64-984D-E275F2F21100}.Debug|Mixed Platforms.ActiveCfg = Debug|Any CPU
		{6C581DDA-88AF-4A64-984D-E275F2F21100}.Debug|Mixed Platforms.Build.0 = Debug|Any CPU
		{6C581DDA-88AF-4A64-984D-E275F2F21100}.Release|Any CPU.ActiveCfg = Release|Any CPU
		{6C581DDA-88AF-4A64-984D-E275F2F21100}.Release|Any CPU.Build.0 = Release|Any CPU
		{6C581DDA-88AF-4A64-984D-E275F2F21100}.Release|Mixed Platforms.ActiveCfg = Release|Any CPU
		{6C581DDA-88AF-4A64-984D-E275F2F21100}.Release|Mixed Platforms.Build.0 = Release|Any CPU
		{ED1E83B0-8656-4E2D-BB8B-158A84C45477}.Debug|Any CPU.ActiveCfg = Debug|Any CPU
		{ED1E83B0-8656-4E2D-BB8B-158A84C45477}.Debug|Any CPU.Build.0 = Debug|Any CPU
		{ED1E83B0-8656-4E2D-BB8B-158A84C45477}.Debug|Mixed Platforms.ActiveCfg = Debug|Any CPU
		{ED1E83B0-8656-4E2D-BB8B-158A84C45477}.Debug|Mixed Platforms.Build.0 = Debug|Any CPU
		{ED1E83B0-8656-4E2D-BB8B-158A84C45477}.Release|Any CPU.ActiveCfg = Release|Any CPU
		{ED1E83B0-8656-4E2D-BB8B-158A84C45477}.Release|Any CPU.Build.0 = Release|Any CPU
		{ED1E83B0-8656-4E2D-BB8B-158A84C45477}.Release|Mixed Platforms.ActiveCfg = Release|Any CPU
		{ED1E83B0-8656-4E2D-BB8B-158A84C45477}.Release|Mixed Platforms.Build.0 = Release|Any CPU
		{446A21E3-71DB-40ED-B7A5-86E761EC9907}.Debug|Any CPU.ActiveCfg = Debug|Any CPU
		{446A21E3-71DB-40ED-B7A5-86E761EC9907}.Debug|Any CPU.Build.0 = Debug|Any CPU
		{446A21E3-71DB-40ED-B7A5-86E761EC9907}.Debug|Mixed Platforms.ActiveCfg = Debug|Any CPU
		{446A21E3-71DB-40ED-B7A5-86E761EC9907}.Debug|Mixed Platforms.Build.0 = Debug|Any CPU
		{446A21E3-71DB-40ED-B7A5-86E761EC9907}.Release|Any CPU.ActiveCfg = Release|Any CPU
		{446A21E3-71DB-40ED-B7A5-86E761EC9907}.Release|Any CPU.Build.0 = Release|Any CPU
		{446A21E3-71DB-40ED-B7A5-86E761EC9907}.Release|Mixed Platforms.ActiveCfg = Release|Any CPU
		{446A21E3-71DB-40ED-B7A5-86E761EC9907}.Release|Mixed Platforms.Build.0 = Release|Any CPU
	EndGlobalSection
	GlobalSection(SolutionProperties) = preSolution
		HideSolutionNode = FALSE
	EndGlobalSection
	GlobalSection(NestedProjects) = preSolution
		{6C581DDA-88AF-4A64-984D-E275F2F21100} = {EE933574-C82B-4E59-A0D1-05328197B937}
		{ED1E83B0-8656-4E2D-BB8B-158A84C45477} = {5D78454B-607D-481D-96E5-0E9EB323B027}
		{446A21E3-71DB-40ED-B7A5-86E761EC9907} = {2FCC45B3-D820-405D-87FA-467C96465BB1}
	EndGlobalSection
	GlobalSection(ExtensibilityGlobals) = postSolution
		SolutionGuid = {AC8888B1-0E98-49D7-BE15-EB97A6261C0D}
	EndGlobalSection
	GlobalSection(SharedMSBuildProjectFiles) = preSolution
		test\CommonTestShared\CommonTestShared.projitems*{446a21e3-71db-40ed-b7a5-86e761ec9907}*SharedItemsImports = 5
		test\Shared\Adapters.Shared.Tests.projitems*{446a21e3-71db-40ed-b7a5-86e761ec9907}*SharedItemsImports = 5
	EndGlobalSection
EndGlobal
