
Microsoft Visual Studio Solution File, Format Version 12.00
# Visual Studio 14
VisualStudioVersion = 14.0.25417.0
MinimumVisualStudioVersion = 10.0.40219.1
Project("{FAE04EC0-301F-11D3-BF4B-00C04F79EFBC}") = "PerfTest", "PerfTest\PerfTest.csproj", "{12569DBE-2396-46BF-9ED0-B5221F1C30AE}"
EndProject
Project("{2150E333-8FDC-42A3-9474-1A3956D46DE8}") = "Solution Items", "Solution Items", "{12C28922-AD04-4438-832D-19271A6123A7}"
	ProjectSection(SolutionItems) = preProject
		Local.testsettings = Local.testsettings
	EndProjectSection
EndProject
Project("{8BB2217D-0F2D-49D1-97BC-3654ED321F3B}") = "Aspnet5_EmptyApp_46", "Aspnet5_EmptyApp_46\Aspnet5_EmptyApp_46.xproj", "{41409009-8C50-4835-8777-CF9706F50AB1}"
EndProject
Project("{8BB2217D-0F2D-49D1-97BC-3654ED321F3B}") = "Microsoft.ApplicationInsights.AspNetCore", "..\..\src\Microsoft.ApplicationInsights.AspNetCore\Microsoft.ApplicationInsights.AspNetCore.xproj", "{95EC3635-22E4-4C3A-A066-F5823A0648DA}"
EndProject
Global
	GlobalSection(SolutionConfigurationPlatforms) = preSolution
		Debug|Any CPU = Debug|Any CPU
		Release|Any CPU = Release|Any CPU
	EndGlobalSection
	GlobalSection(ProjectConfigurationPlatforms) = postSolution
		{12569DBE-2396-46BF-9ED0-B5221F1C30AE}.Debug|Any CPU.ActiveCfg = Debug|Any CPU
		{12569DBE-2396-46BF-9ED0-B5221F1C30AE}.Debug|Any CPU.Build.0 = Debug|Any CPU
		{12569DBE-2396-46BF-9ED0-B5221F1C30AE}.Release|Any CPU.ActiveCfg = Release|Any CPU
		{12569DBE-2396-46BF-9ED0-B5221F1C30AE}.Release|Any CPU.Build.0 = Release|Any CPU
		{41409009-8C50-4835-8777-CF9706F50AB1}.Debug|Any CPU.ActiveCfg = Debug|Any CPU
		{41409009-8C50-4835-8777-CF9706F50AB1}.Debug|Any CPU.Build.0 = Debug|Any CPU
		{41409009-8C50-4835-8777-CF9706F50AB1}.Release|Any CPU.ActiveCfg = Release|Any CPU
		{41409009-8C50-4835-8777-CF9706F50AB1}.Release|Any CPU.Build.0 = Release|Any CPU
		{95EC3635-22E4-4C3A-A066-F5823A0648DA}.Debug|Any CPU.ActiveCfg = Debug|Any CPU
		{95EC3635-22E4-4C3A-A066-F5823A0648DA}.Debug|Any CPU.Build.0 = Debug|Any CPU
		{95EC3635-22E4-4C3A-A066-F5823A0648DA}.Release|Any CPU.ActiveCfg = Release|Any CPU
		{95EC3635-22E4-4C3A-A066-F5823A0648DA}.Release|Any CPU.Build.0 = Release|Any CPU
	EndGlobalSection
	GlobalSection(SolutionProperties) = preSolution
		HideSolutionNode = FALSE
	EndGlobalSection
EndGlobal
