
Microsoft Visual Studio Solution File, Format Version 12.00
# Visual Studio 14
VisualStudioVersion = 14.0.25420.1
MinimumVisualStudioVersion = 10.0.40219.1
Project("{2150E333-8FDC-42A3-9474-1A3956D46DE8}") = "Solution Items", "Solution Items", "{ECD2AC30-79B8-45D3-B26E-427BC007F5A9}"
	ProjectSection(SolutionItems) = preProject
		FunctionalTestOverview.txt = FunctionalTestOverview.txt
		Settings.StyleCop = Settings.StyleCop
		Test.Common.props = Test.Common.props
		Test.Common.Sdk.Net40.targets = Test.Common.Sdk.Net40.targets
		Test.Common.Sdk.Net45.targets = Test.Common.Sdk.Net45.targets
	EndProjectSection
EndProject
Project("{FAE04EC0-301F-11D3-BF4B-00C04F79EFBC}") = "Aspx40", "FunctionalTests\TestApps\Aspx40\Aspx40.csproj", "{D64FE47C-491B-44C8-9AE5-0B366C3DD0B0}"
EndProject
Project("{FAE04EC0-301F-11D3-BF4B-00C04F79EFBC}") = "Aspx45", "FunctionalTests\TestApps\Aspx45\Aspx45.csproj", "{E32EEAD2-AFFA-44DB-98BE-B684B69143AA}"
EndProject
Project("{FAE04EC0-301F-11D3-BF4B-00C04F79EFBC}") = "Aspx451", "FunctionalTests\TestApps\Aspx451\Aspx451.csproj", "{53EFF9D6-5515-492E-8BDB-184E5DBFDBB1}"
EndProject
Project("{8BB2217D-0F2D-49D1-97BC-3654ED321F3B}") = "AspxCore", "FunctionalTests\TestApps\AspxCore\AspxCore.xproj", "{0E1B7739-C7B9-4303-99EF-9DA03A00BCFB}"
EndProject
Project("{FAE04EC0-301F-11D3-BF4B-00C04F79EFBC}") = "FuncTest", "FunctionalTests\FuncTest\FuncTest.csproj", "{39BEE591-B4B5-479A-ACD7-B450863AD152}"
EndProject
Project("{FAE04EC0-301F-11D3-BF4B-00C04F79EFBC}") = "FW40Shared", "FunctionalTests\FW40Shared\FW40Shared.csproj", "{0D33FC46-A70C-4AFB-8D52-2C0DFCCF1DEC}"
EndProject
Project("{FAE04EC0-301F-11D3-BF4B-00C04F79EFBC}") = "FW45Shared", "FunctionalTests\FW45Shared\FW45Shared.csproj", "{037ADEA7-EECC-41D4-9CE8-ECD1758FDBAA}"
EndProject
Project("{FAE04EC0-301F-11D3-BF4B-00C04F79EFBC}") = "ApplicationInsightsTypes", "..\ApplicationInsightsTypes\ApplicationInsightsTypes.csproj", "{4B0BC3B7-C7FC-4333-9E28-5790D9153F07}"
EndProject
Global
	GlobalSection(SolutionConfigurationPlatforms) = preSolution
		Debug|Any CPU = Debug|Any CPU
		Debug|Mixed Platforms = Debug|Mixed Platforms
		Debug|Win32 = Debug|Win32
		Debug|x64 = Debug|x64
		Release|Any CPU = Release|Any CPU
		Release|Mixed Platforms = Release|Mixed Platforms
		Release|Win32 = Release|Win32
		Release|x64 = Release|x64
		Signed|Any CPU = Signed|Any CPU
		Signed|Mixed Platforms = Signed|Mixed Platforms
		Signed|Win32 = Signed|Win32
		Signed|x64 = Signed|x64
	EndGlobalSection
	GlobalSection(ProjectConfigurationPlatforms) = postSolution
		{D64FE47C-491B-44C8-9AE5-0B366C3DD0B0}.Debug|Any CPU.ActiveCfg = Debug|Any CPU
		{D64FE47C-491B-44C8-9AE5-0B366C3DD0B0}.Debug|Any CPU.Build.0 = Debug|Any CPU
		{D64FE47C-491B-44C8-9AE5-0B366C3DD0B0}.Debug|Mixed Platforms.ActiveCfg = Debug|Any CPU
		{D64FE47C-491B-44C8-9AE5-0B366C3DD0B0}.Debug|Mixed Platforms.Build.0 = Debug|Any CPU
		{D64FE47C-491B-44C8-9AE5-0B366C3DD0B0}.Debug|Win32.ActiveCfg = Debug|Any CPU
		{D64FE47C-491B-44C8-9AE5-0B366C3DD0B0}.Debug|Win32.Build.0 = Debug|Any CPU
		{D64FE47C-491B-44C8-9AE5-0B366C3DD0B0}.Debug|x64.ActiveCfg = Debug|Any CPU
		{D64FE47C-491B-44C8-9AE5-0B366C3DD0B0}.Debug|x64.Build.0 = Debug|Any CPU
		{D64FE47C-491B-44C8-9AE5-0B366C3DD0B0}.Release|Any CPU.ActiveCfg = Release|Any CPU
		{D64FE47C-491B-44C8-9AE5-0B366C3DD0B0}.Release|Any CPU.Build.0 = Release|Any CPU
		{D64FE47C-491B-44C8-9AE5-0B366C3DD0B0}.Release|Mixed Platforms.ActiveCfg = Release|Any CPU
		{D64FE47C-491B-44C8-9AE5-0B366C3DD0B0}.Release|Mixed Platforms.Build.0 = Release|Any CPU
		{D64FE47C-491B-44C8-9AE5-0B366C3DD0B0}.Release|Win32.ActiveCfg = Release|Any CPU
		{D64FE47C-491B-44C8-9AE5-0B366C3DD0B0}.Release|Win32.Build.0 = Release|Any CPU
		{D64FE47C-491B-44C8-9AE5-0B366C3DD0B0}.Release|x64.ActiveCfg = Release|Any CPU
		{D64FE47C-491B-44C8-9AE5-0B366C3DD0B0}.Release|x64.Build.0 = Release|Any CPU
		{D64FE47C-491B-44C8-9AE5-0B366C3DD0B0}.Signed|Any CPU.ActiveCfg = Release|Any CPU
		{D64FE47C-491B-44C8-9AE5-0B366C3DD0B0}.Signed|Any CPU.Build.0 = Release|Any CPU
		{D64FE47C-491B-44C8-9AE5-0B366C3DD0B0}.Signed|Mixed Platforms.ActiveCfg = Release|Any CPU
		{D64FE47C-491B-44C8-9AE5-0B366C3DD0B0}.Signed|Mixed Platforms.Build.0 = Release|Any CPU
		{D64FE47C-491B-44C8-9AE5-0B366C3DD0B0}.Signed|Win32.ActiveCfg = Release|Any CPU
		{D64FE47C-491B-44C8-9AE5-0B366C3DD0B0}.Signed|Win32.Build.0 = Release|Any CPU
		{D64FE47C-491B-44C8-9AE5-0B366C3DD0B0}.Signed|x64.ActiveCfg = Release|Any CPU
		{D64FE47C-491B-44C8-9AE5-0B366C3DD0B0}.Signed|x64.Build.0 = Release|Any CPU
		{E32EEAD2-AFFA-44DB-98BE-B684B69143AA}.Debug|Any CPU.ActiveCfg = Debug|Any CPU
		{E32EEAD2-AFFA-44DB-98BE-B684B69143AA}.Debug|Any CPU.Build.0 = Debug|Any CPU
		{E32EEAD2-AFFA-44DB-98BE-B684B69143AA}.Debug|Mixed Platforms.ActiveCfg = Debug|Any CPU
		{E32EEAD2-AFFA-44DB-98BE-B684B69143AA}.Debug|Mixed Platforms.Build.0 = Debug|Any CPU
		{E32EEAD2-AFFA-44DB-98BE-B684B69143AA}.Debug|Win32.ActiveCfg = Debug|Any CPU
		{E32EEAD2-AFFA-44DB-98BE-B684B69143AA}.Debug|Win32.Build.0 = Debug|Any CPU
		{E32EEAD2-AFFA-44DB-98BE-B684B69143AA}.Debug|x64.ActiveCfg = Debug|Any CPU
		{E32EEAD2-AFFA-44DB-98BE-B684B69143AA}.Debug|x64.Build.0 = Debug|Any CPU
		{E32EEAD2-AFFA-44DB-98BE-B684B69143AA}.Release|Any CPU.ActiveCfg = Release|Any CPU
		{E32EEAD2-AFFA-44DB-98BE-B684B69143AA}.Release|Any CPU.Build.0 = Release|Any CPU
		{E32EEAD2-AFFA-44DB-98BE-B684B69143AA}.Release|Mixed Platforms.ActiveCfg = Release|Any CPU
		{E32EEAD2-AFFA-44DB-98BE-B684B69143AA}.Release|Mixed Platforms.Build.0 = Release|Any CPU
		{E32EEAD2-AFFA-44DB-98BE-B684B69143AA}.Release|Win32.ActiveCfg = Release|Any CPU
		{E32EEAD2-AFFA-44DB-98BE-B684B69143AA}.Release|Win32.Build.0 = Release|Any CPU
		{E32EEAD2-AFFA-44DB-98BE-B684B69143AA}.Release|x64.ActiveCfg = Release|Any CPU
		{E32EEAD2-AFFA-44DB-98BE-B684B69143AA}.Release|x64.Build.0 = Release|Any CPU
		{E32EEAD2-AFFA-44DB-98BE-B684B69143AA}.Signed|Any CPU.ActiveCfg = Release|Any CPU
		{E32EEAD2-AFFA-44DB-98BE-B684B69143AA}.Signed|Any CPU.Build.0 = Release|Any CPU
		{E32EEAD2-AFFA-44DB-98BE-B684B69143AA}.Signed|Mixed Platforms.ActiveCfg = Release|Any CPU
		{E32EEAD2-AFFA-44DB-98BE-B684B69143AA}.Signed|Mixed Platforms.Build.0 = Release|Any CPU
		{E32EEAD2-AFFA-44DB-98BE-B684B69143AA}.Signed|Win32.ActiveCfg = Release|Any CPU
		{E32EEAD2-AFFA-44DB-98BE-B684B69143AA}.Signed|Win32.Build.0 = Release|Any CPU
		{E32EEAD2-AFFA-44DB-98BE-B684B69143AA}.Signed|x64.ActiveCfg = Release|Any CPU
		{E32EEAD2-AFFA-44DB-98BE-B684B69143AA}.Signed|x64.Build.0 = Release|Any CPU
		{53EFF9D6-5515-492E-8BDB-184E5DBFDBB1}.Debug|Any CPU.ActiveCfg = Debug|Any CPU
		{53EFF9D6-5515-492E-8BDB-184E5DBFDBB1}.Debug|Any CPU.Build.0 = Debug|Any CPU
		{53EFF9D6-5515-492E-8BDB-184E5DBFDBB1}.Debug|Mixed Platforms.ActiveCfg = Debug|Any CPU
		{53EFF9D6-5515-492E-8BDB-184E5DBFDBB1}.Debug|Mixed Platforms.Build.0 = Debug|Any CPU
		{53EFF9D6-5515-492E-8BDB-184E5DBFDBB1}.Debug|Win32.ActiveCfg = Debug|Any CPU
		{53EFF9D6-5515-492E-8BDB-184E5DBFDBB1}.Debug|Win32.Build.0 = Debug|Any CPU
		{53EFF9D6-5515-492E-8BDB-184E5DBFDBB1}.Debug|x64.ActiveCfg = Debug|Any CPU
		{53EFF9D6-5515-492E-8BDB-184E5DBFDBB1}.Debug|x64.Build.0 = Debug|Any CPU
		{53EFF9D6-5515-492E-8BDB-184E5DBFDBB1}.Release|Any CPU.ActiveCfg = Release|Any CPU
		{53EFF9D6-5515-492E-8BDB-184E5DBFDBB1}.Release|Any CPU.Build.0 = Release|Any CPU
		{53EFF9D6-5515-492E-8BDB-184E5DBFDBB1}.Release|Mixed Platforms.ActiveCfg = Release|Any CPU
		{53EFF9D6-5515-492E-8BDB-184E5DBFDBB1}.Release|Mixed Platforms.Build.0 = Release|Any CPU
		{53EFF9D6-5515-492E-8BDB-184E5DBFDBB1}.Release|Win32.ActiveCfg = Release|Any CPU
		{53EFF9D6-5515-492E-8BDB-184E5DBFDBB1}.Release|Win32.Build.0 = Release|Any CPU
		{53EFF9D6-5515-492E-8BDB-184E5DBFDBB1}.Release|x64.ActiveCfg = Release|Any CPU
		{53EFF9D6-5515-492E-8BDB-184E5DBFDBB1}.Release|x64.Build.0 = Release|Any CPU
		{53EFF9D6-5515-492E-8BDB-184E5DBFDBB1}.Signed|Any CPU.ActiveCfg = Release|Any CPU
		{53EFF9D6-5515-492E-8BDB-184E5DBFDBB1}.Signed|Any CPU.Build.0 = Release|Any CPU
		{53EFF9D6-5515-492E-8BDB-184E5DBFDBB1}.Signed|Mixed Platforms.ActiveCfg = Release|Any CPU
		{53EFF9D6-5515-492E-8BDB-184E5DBFDBB1}.Signed|Mixed Platforms.Build.0 = Release|Any CPU
		{53EFF9D6-5515-492E-8BDB-184E5DBFDBB1}.Signed|Win32.ActiveCfg = Release|Any CPU
		{53EFF9D6-5515-492E-8BDB-184E5DBFDBB1}.Signed|Win32.Build.0 = Release|Any CPU
		{53EFF9D6-5515-492E-8BDB-184E5DBFDBB1}.Signed|x64.ActiveCfg = Release|Any CPU
		{53EFF9D6-5515-492E-8BDB-184E5DBFDBB1}.Signed|x64.Build.0 = Release|Any CPU
		{0E1B7739-C7B9-4303-99EF-9DA03A00BCFB}.Debug|Any CPU.ActiveCfg = Debug|Any CPU
		{0E1B7739-C7B9-4303-99EF-9DA03A00BCFB}.Debug|Any CPU.Build.0 = Debug|Any CPU
		{0E1B7739-C7B9-4303-99EF-9DA03A00BCFB}.Debug|Mixed Platforms.ActiveCfg = Debug|Any CPU
		{0E1B7739-C7B9-4303-99EF-9DA03A00BCFB}.Debug|Mixed Platforms.Build.0 = Debug|Any CPU
		{0E1B7739-C7B9-4303-99EF-9DA03A00BCFB}.Debug|Win32.ActiveCfg = Debug|Any CPU
		{0E1B7739-C7B9-4303-99EF-9DA03A00BCFB}.Debug|Win32.Build.0 = Debug|Any CPU
		{0E1B7739-C7B9-4303-99EF-9DA03A00BCFB}.Debug|x64.ActiveCfg = Debug|Any CPU
		{0E1B7739-C7B9-4303-99EF-9DA03A00BCFB}.Debug|x64.Build.0 = Debug|Any CPU
		{0E1B7739-C7B9-4303-99EF-9DA03A00BCFB}.Release|Any CPU.ActiveCfg = Release|Any CPU
		{0E1B7739-C7B9-4303-99EF-9DA03A00BCFB}.Release|Any CPU.Build.0 = Release|Any CPU
		{0E1B7739-C7B9-4303-99EF-9DA03A00BCFB}.Release|Mixed Platforms.ActiveCfg = Release|Any CPU
		{0E1B7739-C7B9-4303-99EF-9DA03A00BCFB}.Release|Mixed Platforms.Build.0 = Release|Any CPU
		{0E1B7739-C7B9-4303-99EF-9DA03A00BCFB}.Release|Win32.ActiveCfg = Release|Any CPU
		{0E1B7739-C7B9-4303-99EF-9DA03A00BCFB}.Release|Win32.Build.0 = Release|Any CPU
		{0E1B7739-C7B9-4303-99EF-9DA03A00BCFB}.Release|x64.ActiveCfg = Release|Any CPU
		{0E1B7739-C7B9-4303-99EF-9DA03A00BCFB}.Release|x64.Build.0 = Release|Any CPU
		{0E1B7739-C7B9-4303-99EF-9DA03A00BCFB}.Signed|Any CPU.ActiveCfg = Release|Any CPU
		{0E1B7739-C7B9-4303-99EF-9DA03A00BCFB}.Signed|Any CPU.Build.0 = Release|Any CPU
		{0E1B7739-C7B9-4303-99EF-9DA03A00BCFB}.Signed|Mixed Platforms.ActiveCfg = Release|Any CPU
		{0E1B7739-C7B9-4303-99EF-9DA03A00BCFB}.Signed|Mixed Platforms.Build.0 = Release|Any CPU
		{0E1B7739-C7B9-4303-99EF-9DA03A00BCFB}.Signed|Win32.ActiveCfg = Release|Any CPU
		{0E1B7739-C7B9-4303-99EF-9DA03A00BCFB}.Signed|Win32.Build.0 = Release|Any CPU
		{0E1B7739-C7B9-4303-99EF-9DA03A00BCFB}.Signed|x64.ActiveCfg = Release|Any CPU
		{0E1B7739-C7B9-4303-99EF-9DA03A00BCFB}.Signed|x64.Build.0 = Release|Any CPU
		{39BEE591-B4B5-479A-ACD7-B450863AD152}.Debug|Any CPU.ActiveCfg = Debug|Any CPU
		{39BEE591-B4B5-479A-ACD7-B450863AD152}.Debug|Any CPU.Build.0 = Debug|Any CPU
		{39BEE591-B4B5-479A-ACD7-B450863AD152}.Debug|Mixed Platforms.ActiveCfg = Debug|Any CPU
		{39BEE591-B4B5-479A-ACD7-B450863AD152}.Debug|Mixed Platforms.Build.0 = Debug|Any CPU
		{39BEE591-B4B5-479A-ACD7-B450863AD152}.Debug|Win32.ActiveCfg = Debug|Any CPU
		{39BEE591-B4B5-479A-ACD7-B450863AD152}.Debug|Win32.Build.0 = Debug|Any CPU
		{39BEE591-B4B5-479A-ACD7-B450863AD152}.Debug|x64.ActiveCfg = Debug|Any CPU
		{39BEE591-B4B5-479A-ACD7-B450863AD152}.Debug|x64.Build.0 = Debug|Any CPU
		{39BEE591-B4B5-479A-ACD7-B450863AD152}.Release|Any CPU.ActiveCfg = Release|Any CPU
		{39BEE591-B4B5-479A-ACD7-B450863AD152}.Release|Any CPU.Build.0 = Release|Any CPU
		{39BEE591-B4B5-479A-ACD7-B450863AD152}.Release|Mixed Platforms.ActiveCfg = Release|Any CPU
		{39BEE591-B4B5-479A-ACD7-B450863AD152}.Release|Mixed Platforms.Build.0 = Release|Any CPU
		{39BEE591-B4B5-479A-ACD7-B450863AD152}.Release|Win32.ActiveCfg = Release|Any CPU
		{39BEE591-B4B5-479A-ACD7-B450863AD152}.Release|Win32.Build.0 = Release|Any CPU
		{39BEE591-B4B5-479A-ACD7-B450863AD152}.Release|x64.ActiveCfg = Release|Any CPU
		{39BEE591-B4B5-479A-ACD7-B450863AD152}.Release|x64.Build.0 = Release|Any CPU
		{39BEE591-B4B5-479A-ACD7-B450863AD152}.Signed|Any CPU.ActiveCfg = Release|Any CPU
		{39BEE591-B4B5-479A-ACD7-B450863AD152}.Signed|Any CPU.Build.0 = Release|Any CPU
		{39BEE591-B4B5-479A-ACD7-B450863AD152}.Signed|Mixed Platforms.ActiveCfg = Release|Any CPU
		{39BEE591-B4B5-479A-ACD7-B450863AD152}.Signed|Mixed Platforms.Build.0 = Release|Any CPU
		{39BEE591-B4B5-479A-ACD7-B450863AD152}.Signed|Win32.ActiveCfg = Release|Any CPU
		{39BEE591-B4B5-479A-ACD7-B450863AD152}.Signed|Win32.Build.0 = Release|Any CPU
		{39BEE591-B4B5-479A-ACD7-B450863AD152}.Signed|x64.ActiveCfg = Release|Any CPU
		{39BEE591-B4B5-479A-ACD7-B450863AD152}.Signed|x64.Build.0 = Release|Any CPU
		{0D33FC46-A70C-4AFB-8D52-2C0DFCCF1DEC}.Debug|Any CPU.ActiveCfg = Debug|Any CPU
		{0D33FC46-A70C-4AFB-8D52-2C0DFCCF1DEC}.Debug|Any CPU.Build.0 = Debug|Any CPU
		{0D33FC46-A70C-4AFB-8D52-2C0DFCCF1DEC}.Debug|Mixed Platforms.ActiveCfg = Debug|Any CPU
		{0D33FC46-A70C-4AFB-8D52-2C0DFCCF1DEC}.Debug|Mixed Platforms.Build.0 = Debug|Any CPU
		{0D33FC46-A70C-4AFB-8D52-2C0DFCCF1DEC}.Debug|Win32.ActiveCfg = Debug|Any CPU
		{0D33FC46-A70C-4AFB-8D52-2C0DFCCF1DEC}.Debug|Win32.Build.0 = Debug|Any CPU
		{0D33FC46-A70C-4AFB-8D52-2C0DFCCF1DEC}.Debug|x64.ActiveCfg = Debug|Any CPU
		{0D33FC46-A70C-4AFB-8D52-2C0DFCCF1DEC}.Debug|x64.Build.0 = Debug|Any CPU
		{0D33FC46-A70C-4AFB-8D52-2C0DFCCF1DEC}.Release|Any CPU.ActiveCfg = Release|Any CPU
		{0D33FC46-A70C-4AFB-8D52-2C0DFCCF1DEC}.Release|Any CPU.Build.0 = Release|Any CPU
		{0D33FC46-A70C-4AFB-8D52-2C0DFCCF1DEC}.Release|Mixed Platforms.ActiveCfg = Release|Any CPU
		{0D33FC46-A70C-4AFB-8D52-2C0DFCCF1DEC}.Release|Mixed Platforms.Build.0 = Release|Any CPU
		{0D33FC46-A70C-4AFB-8D52-2C0DFCCF1DEC}.Release|Win32.ActiveCfg = Release|Any CPU
		{0D33FC46-A70C-4AFB-8D52-2C0DFCCF1DEC}.Release|Win32.Build.0 = Release|Any CPU
		{0D33FC46-A70C-4AFB-8D52-2C0DFCCF1DEC}.Release|x64.ActiveCfg = Release|Any CPU
		{0D33FC46-A70C-4AFB-8D52-2C0DFCCF1DEC}.Release|x64.Build.0 = Release|Any CPU
		{0D33FC46-A70C-4AFB-8D52-2C0DFCCF1DEC}.Signed|Any CPU.ActiveCfg = Release|Any CPU
		{0D33FC46-A70C-4AFB-8D52-2C0DFCCF1DEC}.Signed|Any CPU.Build.0 = Release|Any CPU
		{0D33FC46-A70C-4AFB-8D52-2C0DFCCF1DEC}.Signed|Mixed Platforms.ActiveCfg = Release|Any CPU
		{0D33FC46-A70C-4AFB-8D52-2C0DFCCF1DEC}.Signed|Mixed Platforms.Build.0 = Release|Any CPU
		{0D33FC46-A70C-4AFB-8D52-2C0DFCCF1DEC}.Signed|Win32.ActiveCfg = Release|Any CPU
		{0D33FC46-A70C-4AFB-8D52-2C0DFCCF1DEC}.Signed|Win32.Build.0 = Release|Any CPU
		{0D33FC46-A70C-4AFB-8D52-2C0DFCCF1DEC}.Signed|x64.ActiveCfg = Release|Any CPU
		{0D33FC46-A70C-4AFB-8D52-2C0DFCCF1DEC}.Signed|x64.Build.0 = Release|Any CPU
		{037ADEA7-EECC-41D4-9CE8-ECD1758FDBAA}.Debug|Any CPU.ActiveCfg = Debug|Any CPU
		{037ADEA7-EECC-41D4-9CE8-ECD1758FDBAA}.Debug|Any CPU.Build.0 = Debug|Any CPU
		{037ADEA7-EECC-41D4-9CE8-ECD1758FDBAA}.Debug|Mixed Platforms.ActiveCfg = Debug|Any CPU
		{037ADEA7-EECC-41D4-9CE8-ECD1758FDBAA}.Debug|Mixed Platforms.Build.0 = Debug|Any CPU
		{037ADEA7-EECC-41D4-9CE8-ECD1758FDBAA}.Debug|Win32.ActiveCfg = Debug|Any CPU
		{037ADEA7-EECC-41D4-9CE8-ECD1758FDBAA}.Debug|Win32.Build.0 = Debug|Any CPU
		{037ADEA7-EECC-41D4-9CE8-ECD1758FDBAA}.Debug|x64.ActiveCfg = Debug|Any CPU
		{037ADEA7-EECC-41D4-9CE8-ECD1758FDBAA}.Debug|x64.Build.0 = Debug|Any CPU
		{037ADEA7-EECC-41D4-9CE8-ECD1758FDBAA}.Release|Any CPU.ActiveCfg = Release|Any CPU
		{037ADEA7-EECC-41D4-9CE8-ECD1758FDBAA}.Release|Any CPU.Build.0 = Release|Any CPU
		{037ADEA7-EECC-41D4-9CE8-ECD1758FDBAA}.Release|Mixed Platforms.ActiveCfg = Release|Any CPU
		{037ADEA7-EECC-41D4-9CE8-ECD1758FDBAA}.Release|Mixed Platforms.Build.0 = Release|Any CPU
		{037ADEA7-EECC-41D4-9CE8-ECD1758FDBAA}.Release|Win32.ActiveCfg = Release|Any CPU
		{037ADEA7-EECC-41D4-9CE8-ECD1758FDBAA}.Release|Win32.Build.0 = Release|Any CPU
		{037ADEA7-EECC-41D4-9CE8-ECD1758FDBAA}.Release|x64.ActiveCfg = Release|Any CPU
		{037ADEA7-EECC-41D4-9CE8-ECD1758FDBAA}.Release|x64.Build.0 = Release|Any CPU
		{037ADEA7-EECC-41D4-9CE8-ECD1758FDBAA}.Signed|Any CPU.ActiveCfg = Release|Any CPU
		{037ADEA7-EECC-41D4-9CE8-ECD1758FDBAA}.Signed|Any CPU.Build.0 = Release|Any CPU
		{037ADEA7-EECC-41D4-9CE8-ECD1758FDBAA}.Signed|Mixed Platforms.ActiveCfg = Release|Any CPU
		{037ADEA7-EECC-41D4-9CE8-ECD1758FDBAA}.Signed|Mixed Platforms.Build.0 = Release|Any CPU
		{037ADEA7-EECC-41D4-9CE8-ECD1758FDBAA}.Signed|Win32.ActiveCfg = Release|Any CPU
		{037ADEA7-EECC-41D4-9CE8-ECD1758FDBAA}.Signed|Win32.Build.0 = Release|Any CPU
		{037ADEA7-EECC-41D4-9CE8-ECD1758FDBAA}.Signed|x64.ActiveCfg = Release|Any CPU
		{037ADEA7-EECC-41D4-9CE8-ECD1758FDBAA}.Signed|x64.Build.0 = Release|Any CPU
		{4B0BC3B7-C7FC-4333-9E28-5790D9153F07}.Debug|Any CPU.ActiveCfg = Debug|Any CPU
		{4B0BC3B7-C7FC-4333-9E28-5790D9153F07}.Debug|Any CPU.Build.0 = Debug|Any CPU
		{4B0BC3B7-C7FC-4333-9E28-5790D9153F07}.Debug|Mixed Platforms.ActiveCfg = Debug|Any CPU
		{4B0BC3B7-C7FC-4333-9E28-5790D9153F07}.Debug|Mixed Platforms.Build.0 = Debug|Any CPU
		{4B0BC3B7-C7FC-4333-9E28-5790D9153F07}.Debug|Win32.ActiveCfg = Debug|Any CPU
		{4B0BC3B7-C7FC-4333-9E28-5790D9153F07}.Debug|Win32.Build.0 = Debug|Any CPU
		{4B0BC3B7-C7FC-4333-9E28-5790D9153F07}.Debug|x64.ActiveCfg = Debug|Any CPU
		{4B0BC3B7-C7FC-4333-9E28-5790D9153F07}.Debug|x64.Build.0 = Debug|Any CPU
		{4B0BC3B7-C7FC-4333-9E28-5790D9153F07}.Release|Any CPU.ActiveCfg = Release|Any CPU
		{4B0BC3B7-C7FC-4333-9E28-5790D9153F07}.Release|Any CPU.Build.0 = Release|Any CPU
		{4B0BC3B7-C7FC-4333-9E28-5790D9153F07}.Release|Mixed Platforms.ActiveCfg = Release|Any CPU
		{4B0BC3B7-C7FC-4333-9E28-5790D9153F07}.Release|Mixed Platforms.Build.0 = Release|Any CPU
		{4B0BC3B7-C7FC-4333-9E28-5790D9153F07}.Release|Win32.ActiveCfg = Release|Any CPU
		{4B0BC3B7-C7FC-4333-9E28-5790D9153F07}.Release|Win32.Build.0 = Release|Any CPU
		{4B0BC3B7-C7FC-4333-9E28-5790D9153F07}.Release|x64.ActiveCfg = Release|Any CPU
		{4B0BC3B7-C7FC-4333-9E28-5790D9153F07}.Release|x64.Build.0 = Release|Any CPU
		{4B0BC3B7-C7FC-4333-9E28-5790D9153F07}.Signed|Any CPU.ActiveCfg = Debug|Any CPU
		{4B0BC3B7-C7FC-4333-9E28-5790D9153F07}.Signed|Any CPU.Build.0 = Debug|Any CPU
		{4B0BC3B7-C7FC-4333-9E28-5790D9153F07}.Signed|Mixed Platforms.ActiveCfg = Debug|Any CPU
		{4B0BC3B7-C7FC-4333-9E28-5790D9153F07}.Signed|Mixed Platforms.Build.0 = Debug|Any CPU
		{4B0BC3B7-C7FC-4333-9E28-5790D9153F07}.Signed|Win32.ActiveCfg = Debug|Any CPU
		{4B0BC3B7-C7FC-4333-9E28-5790D9153F07}.Signed|Win32.Build.0 = Debug|Any CPU
		{4B0BC3B7-C7FC-4333-9E28-5790D9153F07}.Signed|x64.ActiveCfg = Debug|Any CPU
		{4B0BC3B7-C7FC-4333-9E28-5790D9153F07}.Signed|x64.Build.0 = Debug|Any CPU
	EndGlobalSection
	GlobalSection(SolutionProperties) = preSolution
		HideSolutionNode = FALSE
	EndGlobalSection
EndGlobal
