
Microsoft Visual Studio Solution File, Format Version 12.00
# Visual Studio 14
VisualStudioVersion = 14.0.22823.1
MinimumVisualStudioVersion = 10.0.40219.1
Project("{FAE04EC0-301F-11D3-BF4B-00C04F79EFBC}") = "Core.Wrt81", "Core\Managed\Wrt81\Core.Wrt81.csproj", "{50368B2B-A526-460E-8AD9-AB2E7951DAB2}"
EndProject
Project("{FAE04EC0-301F-11D3-BF4B-00C04F79EFBC}") = "Core.Wp80", "Core\Managed\Wp80\Core.Wp80.csproj", "{3A820D7A-F63C-460D-B2BD-DDAC9433B4E9}"
EndProject
Project("{D954291E-2A0B-460D-934E-DC6B0785DB48}") = "Core.Shared", "Core\Managed\Shared\Core.Shared.shproj", "{C1AAA703-5E32-45C0-A69D-F46D1C659AE4}"
EndProject
Project("{2150E333-8FDC-42A3-9474-1A3956D46DE8}") = "Core.Tests", "Core.Tests", "{C2FEEDE5-8CAE-41A4-8932-42D284A86EA7}"
EndProject
Project("{D954291E-2A0B-460D-934E-DC6B0785DB48}") = "Core.Shared.Tests", "Core\Managed.Tests\Shared\Core.Shared.Tests.shproj", "{C4A0DB5B-0988-4E04-B9B8-BCF3B0842000}"
EndProject
Project("{2150E333-8FDC-42A3-9474-1A3956D46DE8}") = "Core", "Core", "{68CC2924-E162-44BE-8D7A-DBA385365585}"
EndProject
Project("{FAE04EC0-301F-11D3-BF4B-00C04F79EFBC}") = "Core.Wp80.Tests", "Core\Managed.Tests\Wp80\Core.Wp80.Tests.csproj", "{30717095-904B-47B6-A76B-3D7A21F14E18}"
EndProject
Project("{FAE04EC0-301F-11D3-BF4B-00C04F79EFBC}") = "Core.Wpa81.Tests", "Core\Managed.Tests\Wpa81\Core.Wpa81.Tests.csproj", "{6587B432-E16A-4D26-93E1-BF12449FDB32}"
EndProject
Project("{FAE04EC0-301F-11D3-BF4B-00C04F79EFBC}") = "Core.Net40", "Core\Managed\Net40\Core.Net40.csproj", "{CD752CD2-6711-4AD7-B5C8-F8C23CF076B1}"
EndProject
Project("{FAE04EC0-301F-11D3-BF4B-00C04F79EFBC}") = "Core.Net40.Tests", "Core\Managed.Tests\Net40\Core.Net40.Tests.csproj", "{394A78E5-2F8F-4D2D-AE08-027380C9F6B2}"
EndProject
Project("{2150E333-8FDC-42A3-9474-1A3956D46DE8}") = "Core.NuGet", "Core.NuGet", "{05ACA4F0-E560-4E7A-BF50-1C248DAAA0D2}"
EndProject
Project("{FAE04EC0-301F-11D3-BF4B-00C04F79EFBC}") = "Core.NuGet", "Core\NuGet\Core\Core.NuGet.csproj", "{B69CBB57-4D1F-4FBE-B4AB-FD87EDBEE12B}"
	ProjectSection(ProjectDependencies) = postProject
		{50368B2B-A526-460E-8AD9-AB2E7951DAB2} = {50368B2B-A526-460E-8AD9-AB2E7951DAB2}
		{3A820D7A-F63C-460D-B2BD-DDAC9433B4E9} = {3A820D7A-F63C-460D-B2BD-DDAC9433B4E9}
		{862B97AF-F620-43FD-9B65-7E5423F3B7E3} = {862B97AF-F620-43FD-9B65-7E5423F3B7E3}
		{412659CA-49B0-4834-BFBF-8183055083C8} = {412659CA-49B0-4834-BFBF-8183055083C8}
		{CD752CD2-6711-4AD7-B5C8-F8C23CF076B1} = {CD752CD2-6711-4AD7-B5C8-F8C23CF076B1}
	EndProjectSection
EndProject
Project("{2150E333-8FDC-42A3-9474-1A3956D46DE8}") = "SolutionItems", "SolutionItems", "{15665627-7795-4E93-9355-EE6C003410F1}"
	ProjectSection(SolutionItems) = preProject
		ApiScanArgs_Template.xml = ApiScanArgs_Template.xml
		ApplicationInsightsSDKRules.ruleset = ApplicationInsightsSDKRules.ruleset
		Common.props = Common.props
		CopyDlls.cmd = CopyDlls.cmd
		DllFilter.txt = DllFilter.txt
		Global.props = Global.props
		NightlyPostTestScript.cmd = NightlyPostTestScript.cmd
		NuGet.config = NuGet.config
		Package.targets = Package.targets
		Policheck_Template.xml = Policheck_Template.xml
		PostTestScript.cmd = PostTestScript.cmd
		Product.props = Product.props
		PushNugetPackages.cmd = PushNugetPackages.cmd
		Readme.md = Readme.md
		Core\Settings.StyleCop = Core\Settings.StyleCop
		Signing.props = Signing.props
		Test.props = Test.props
	EndProjectSection
EndProject
Project("{2150E333-8FDC-42A3-9474-1A3956D46DE8}") = "Tools", "Tools", "{15B3E217-E060-4AEB-9CAD-660E5B26FA91}"
	ProjectSection(SolutionItems) = preProject
		Tools\grep.exe = Tools\grep.exe
		Tools\sed.exe = Tools\sed.exe
		Tools\zip.exe = Tools\zip.exe
	EndProjectSection
EndProject
Project("{2150E333-8FDC-42A3-9474-1A3956D46DE8}") = "TestFramework", "TestFramework", "{BED5EB47-4AB1-4387-98B6-83CC327D6D16}"
EndProject
Project("{FAE04EC0-301F-11D3-BF4B-00C04F79EFBC}") = "TestFramework.Net40", "Core\TestFramework\Net40\TestFramework.Net40.csproj", "{804AF8FD-87F5-48AE-90C8-70433018B76E}"
EndProject
Project("{FAE04EC0-301F-11D3-BF4B-00C04F79EFBC}") = "TestFramework.Wp80", "Core\TestFramework\Wp80\TestFramework.Wp80.csproj", "{B3AD9230-7E7A-4C82-8A7E-F297EEEF8BB8}"
EndProject
Project("{FAE04EC0-301F-11D3-BF4B-00C04F79EFBC}") = "TestFramework.Wrt81", "Core\TestFramework\Wrt81\TestFramework.Wrt81.csproj", "{9F9C3D52-ABB9-461A-B1B6-A01BB5CECD93}"
EndProject
Project("{D954291E-2A0B-460D-934E-DC6B0785DB48}") = "TestFramework.Shared", "Core\TestFramework\Shared\TestFramework.Shared.shproj", "{F76C6CBD-29B0-4564-BDCB-C969F8FEC136}"
EndProject
Project("{FAE04EC0-301F-11D3-BF4B-00C04F79EFBC}") = "Core.Win81.Tests", "Core\Managed.Tests\Win81\Core.Win81.Tests.csproj", "{FF8678DB-8FF0-4507-A793-2FF896FC7AD7}"
EndProject
Project("{FAE04EC0-301F-11D3-BF4B-00C04F79EFBC}") = "Core.Net35", "Core\Managed\Net35\Core.Net35.csproj", "{8A1273BA-23B5-4D0B-A7AF-76A12E43F22B}"
EndProject
Project("{FAE04EC0-301F-11D3-BF4B-00C04F79EFBC}") = "Core.Net35.Tests", "Core\Managed.Tests\Net35\Core.Net35.Tests.csproj", "{9BA6FC5F-B0E2-4553-8B01-BFE6C2F6697E}"
	ProjectSection(ProjectDependencies) = postProject
		{5E468EE3-D895-4895-8C5A-F4B504850770} = {5E468EE3-D895-4895-8C5A-F4B504850770}
	EndProjectSection
EndProject
Project("{FAE04EC0-301F-11D3-BF4B-00C04F79EFBC}") = "TestFramework.Net35", "Core\TestFramework\Net35\TestFramework.Net35.csproj", "{5E468EE3-D895-4895-8C5A-F4B504850770}"
EndProject
Project("{FAE04EC0-301F-11D3-BF4B-00C04F79EFBC}") = "Core.PCL", "Core\Managed\PCL\Core.PCL.csproj", "{862B97AF-F620-43FD-9B65-7E5423F3B7E3}"
EndProject
Project("{FAE04EC0-301F-11D3-BF4B-00C04F79EFBC}") = "Core.Net45", "Core\Managed\Net45\Core.Net45.csproj", "{412659CA-49B0-4834-BFBF-8183055083C8}"
EndProject
Project("{FAE04EC0-301F-11D3-BF4B-00C04F79EFBC}") = "TestFramework.Net45", "Core\TestFramework\Net45\TestFramework.Net45.csproj", "{1AD07F5F-80E4-4020-B944-EE20756E3B24}"
EndProject
Project("{FAE04EC0-301F-11D3-BF4B-00C04F79EFBC}") = "Core.NuGet.Beta", "Core\NuGet\Core.NuGet-Beta\Core.NuGet.Beta.csproj", "{4D7638A1-2F34-4C6C-BCD2-D0990A4695E9}"
	ProjectSection(ProjectDependencies) = postProject
		{B69CBB57-4D1F-4FBE-B4AB-FD87EDBEE12B} = {B69CBB57-4D1F-4FBE-B4AB-FD87EDBEE12B}
	EndProjectSection
EndProject
Global
	GlobalSection(SharedMSBuildProjectFiles) = preSolution
		Core\Managed\Shared\Shared.projitems*{412659ca-49b0-4834-bfbf-8183055083c8}*SharedItemsImports = 4
		Core\TestFramework\Shared\TestFramework.Shared.projitems*{9f9c3d52-abb9-461a-b1b6-a01bb5cecd93}*SharedItemsImports = 4
		Core\Managed.Tests\Shared\Core.Shared.Tests.projitems*{9ba6fc5f-b0e2-4553-8b01-bfe6c2f6697e}*SharedItemsImports = 4
		Core\Managed.Tests\Shared\Core.Shared.Tests.projitems*{30717095-904b-47b6-a76b-3d7a21f14e18}*SharedItemsImports = 4
		Core\Managed\Shared\Shared.projitems*{8a1273ba-23b5-4d0b-a7af-76a12e43f22b}*SharedItemsImports = 4
		Core\Managed\Shared\Shared.projitems*{862b97af-f620-43fd-9b65-7e5423f3b7e3}*SharedItemsImports = 4
		Core\Managed\Shared\Shared.projitems*{3a820d7a-f63c-460d-b2bd-ddac9433b4e9}*SharedItemsImports = 4
		Core\Managed.Tests\Shared\Core.Shared.Tests.projitems*{394a78e5-2f8f-4d2d-ae08-027380c9f6b2}*SharedItemsImports = 4
		Core\TestFramework\Shared\TestFramework.Shared.projitems*{f76c6cbd-29b0-4564-bdcb-c969f8fec136}*SharedItemsImports = 13
		Core\Managed.Tests\Shared\Core.Shared.Tests.projitems*{6587b432-e16a-4d26-93e1-bf12449fdb32}*SharedItemsImports = 4
		Core\TestFramework\Shared\TestFramework.Shared.projitems*{b3ad9230-7e7a-4c82-8a7e-f297eeef8bb8}*SharedItemsImports = 4
		Core\Managed\Shared\Shared.projitems*{cd752cd2-6711-4ad7-b5c8-f8c23cf076b1}*SharedItemsImports = 4
		Core\Managed\Shared\Shared.projitems*{50368b2b-a526-460e-8ad9-ab2e7951dab2}*SharedItemsImports = 4
		Core\Managed.Tests\Shared\Core.Shared.Tests.projitems*{ff8678db-8ff0-4507-a793-2ff896fc7ad7}*SharedItemsImports = 4
		Core\Managed\Shared\Shared.projitems*{c1aaa703-5e32-45c0-a69d-f46d1c659ae4}*SharedItemsImports = 13
		Core\Managed.Tests\Shared\Core.Shared.Tests.projitems*{c4a0db5b-0988-4e04-b9b8-bcf3b0842000}*SharedItemsImports = 13
		Core\TestFramework\Shared\TestFramework.Shared.projitems*{5e468ee3-d895-4895-8c5a-f4b504850770}*SharedItemsImports = 4
		Core\TestFramework\Shared\TestFramework.Shared.projitems*{1ad07f5f-80e4-4020-b944-ee20756e3b24}*SharedItemsImports = 4
		Core\TestFramework\Shared\TestFramework.Shared.projitems*{804af8fd-87f5-48ae-90c8-70433018b76e}*SharedItemsImports = 4
	EndGlobalSection
	GlobalSection(SolutionConfigurationPlatforms) = preSolution
		Debug|Any CPU = Debug|Any CPU
		Debug|ARM = Debug|ARM
		Debug|Mixed Platforms = Debug|Mixed Platforms
		Debug|x64 = Debug|x64
		Debug|x86 = Debug|x86
		Release|Any CPU = Release|Any CPU
		Release|ARM = Release|ARM
		Release|Mixed Platforms = Release|Mixed Platforms
		Release|x64 = Release|x64
		Release|x86 = Release|x86
	EndGlobalSection
	GlobalSection(ProjectConfigurationPlatforms) = postSolution
		{50368B2B-A526-460E-8AD9-AB2E7951DAB2}.Debug|Any CPU.ActiveCfg = Debug|Any CPU
		{50368B2B-A526-460E-8AD9-AB2E7951DAB2}.Debug|Any CPU.Build.0 = Debug|Any CPU
		{50368B2B-A526-460E-8AD9-AB2E7951DAB2}.Debug|ARM.ActiveCfg = Debug|Any CPU
		{50368B2B-A526-460E-8AD9-AB2E7951DAB2}.Debug|Mixed Platforms.ActiveCfg = Debug|Any CPU
		{50368B2B-A526-460E-8AD9-AB2E7951DAB2}.Debug|Mixed Platforms.Build.0 = Debug|Any CPU
		{50368B2B-A526-460E-8AD9-AB2E7951DAB2}.Debug|x64.ActiveCfg = Debug|Any CPU
		{50368B2B-A526-460E-8AD9-AB2E7951DAB2}.Debug|x64.Build.0 = Debug|Any CPU
		{50368B2B-A526-460E-8AD9-AB2E7951DAB2}.Debug|x86.ActiveCfg = Debug|Any CPU
		{50368B2B-A526-460E-8AD9-AB2E7951DAB2}.Release|Any CPU.ActiveCfg = Release|Any CPU
		{50368B2B-A526-460E-8AD9-AB2E7951DAB2}.Release|Any CPU.Build.0 = Release|Any CPU
		{50368B2B-A526-460E-8AD9-AB2E7951DAB2}.Release|ARM.ActiveCfg = Release|Any CPU
		{50368B2B-A526-460E-8AD9-AB2E7951DAB2}.Release|Mixed Platforms.ActiveCfg = Release|Any CPU
		{50368B2B-A526-460E-8AD9-AB2E7951DAB2}.Release|Mixed Platforms.Build.0 = Release|Any CPU
		{50368B2B-A526-460E-8AD9-AB2E7951DAB2}.Release|x64.ActiveCfg = Release|Any CPU
		{50368B2B-A526-460E-8AD9-AB2E7951DAB2}.Release|x64.Build.0 = Release|Any CPU
		{50368B2B-A526-460E-8AD9-AB2E7951DAB2}.Release|x86.ActiveCfg = Release|Any CPU
		{3A820D7A-F63C-460D-B2BD-DDAC9433B4E9}.Debug|Any CPU.ActiveCfg = Debug|Any CPU
		{3A820D7A-F63C-460D-B2BD-DDAC9433B4E9}.Debug|Any CPU.Build.0 = Debug|Any CPU
		{3A820D7A-F63C-460D-B2BD-DDAC9433B4E9}.Debug|ARM.ActiveCfg = Debug|ARM
		{3A820D7A-F63C-460D-B2BD-DDAC9433B4E9}.Debug|ARM.Build.0 = Debug|ARM
		{3A820D7A-F63C-460D-B2BD-DDAC9433B4E9}.Debug|Mixed Platforms.ActiveCfg = Debug|Any CPU
		{3A820D7A-F63C-460D-B2BD-DDAC9433B4E9}.Debug|Mixed Platforms.Build.0 = Debug|Any CPU
		{3A820D7A-F63C-460D-B2BD-DDAC9433B4E9}.Debug|x64.ActiveCfg = Debug|Any CPU
		{3A820D7A-F63C-460D-B2BD-DDAC9433B4E9}.Debug|x64.Build.0 = Debug|Any CPU
		{3A820D7A-F63C-460D-B2BD-DDAC9433B4E9}.Debug|x86.ActiveCfg = Debug|x86
		{3A820D7A-F63C-460D-B2BD-DDAC9433B4E9}.Debug|x86.Build.0 = Debug|x86
		{3A820D7A-F63C-460D-B2BD-DDAC9433B4E9}.Release|Any CPU.ActiveCfg = Release|Any CPU
		{3A820D7A-F63C-460D-B2BD-DDAC9433B4E9}.Release|Any CPU.Build.0 = Release|Any CPU
		{3A820D7A-F63C-460D-B2BD-DDAC9433B4E9}.Release|ARM.ActiveCfg = Release|ARM
		{3A820D7A-F63C-460D-B2BD-DDAC9433B4E9}.Release|ARM.Build.0 = Release|ARM
		{3A820D7A-F63C-460D-B2BD-DDAC9433B4E9}.Release|Mixed Platforms.ActiveCfg = Release|Any CPU
		{3A820D7A-F63C-460D-B2BD-DDAC9433B4E9}.Release|Mixed Platforms.Build.0 = Release|Any CPU
		{3A820D7A-F63C-460D-B2BD-DDAC9433B4E9}.Release|x64.ActiveCfg = Release|Any CPU
		{3A820D7A-F63C-460D-B2BD-DDAC9433B4E9}.Release|x64.Build.0 = Release|Any CPU
		{3A820D7A-F63C-460D-B2BD-DDAC9433B4E9}.Release|x86.ActiveCfg = Release|x86
		{3A820D7A-F63C-460D-B2BD-DDAC9433B4E9}.Release|x86.Build.0 = Release|x86
		{30717095-904B-47B6-A76B-3D7A21F14E18}.Debug|Any CPU.ActiveCfg = Debug|x86
		{30717095-904B-47B6-A76B-3D7A21F14E18}.Debug|ARM.ActiveCfg = Debug|ARM
		{30717095-904B-47B6-A76B-3D7A21F14E18}.Debug|ARM.Build.0 = Debug|ARM
		{30717095-904B-47B6-A76B-3D7A21F14E18}.Debug|ARM.Deploy.0 = Debug|ARM
		{30717095-904B-47B6-A76B-3D7A21F14E18}.Debug|Mixed Platforms.ActiveCfg = Debug|x86
		{30717095-904B-47B6-A76B-3D7A21F14E18}.Debug|Mixed Platforms.Build.0 = Debug|x86
		{30717095-904B-47B6-A76B-3D7A21F14E18}.Debug|Mixed Platforms.Deploy.0 = Debug|x86
		{30717095-904B-47B6-A76B-3D7A21F14E18}.Debug|x64.ActiveCfg = Debug|x86
		{30717095-904B-47B6-A76B-3D7A21F14E18}.Debug|x86.ActiveCfg = Debug|x86
		{30717095-904B-47B6-A76B-3D7A21F14E18}.Debug|x86.Build.0 = Debug|x86
		{30717095-904B-47B6-A76B-3D7A21F14E18}.Debug|x86.Deploy.0 = Debug|x86
		{30717095-904B-47B6-A76B-3D7A21F14E18}.Release|Any CPU.ActiveCfg = Release|x86
		{30717095-904B-47B6-A76B-3D7A21F14E18}.Release|ARM.ActiveCfg = Release|ARM
		{30717095-904B-47B6-A76B-3D7A21F14E18}.Release|ARM.Build.0 = Release|ARM
		{30717095-904B-47B6-A76B-3D7A21F14E18}.Release|ARM.Deploy.0 = Release|ARM
		{30717095-904B-47B6-A76B-3D7A21F14E18}.Release|Mixed Platforms.ActiveCfg = Release|x86
		{30717095-904B-47B6-A76B-3D7A21F14E18}.Release|Mixed Platforms.Build.0 = Release|x86
		{30717095-904B-47B6-A76B-3D7A21F14E18}.Release|Mixed Platforms.Deploy.0 = Release|x86
		{30717095-904B-47B6-A76B-3D7A21F14E18}.Release|x64.ActiveCfg = Release|x86
		{30717095-904B-47B6-A76B-3D7A21F14E18}.Release|x86.ActiveCfg = Release|x86
		{30717095-904B-47B6-A76B-3D7A21F14E18}.Release|x86.Build.0 = Release|x86
		{30717095-904B-47B6-A76B-3D7A21F14E18}.Release|x86.Deploy.0 = Release|x86
		{6587B432-E16A-4D26-93E1-BF12449FDB32}.Debug|Any CPU.ActiveCfg = Debug|x86
		{6587B432-E16A-4D26-93E1-BF12449FDB32}.Debug|ARM.ActiveCfg = Debug|ARM
		{6587B432-E16A-4D26-93E1-BF12449FDB32}.Debug|ARM.Build.0 = Debug|ARM
		{6587B432-E16A-4D26-93E1-BF12449FDB32}.Debug|ARM.Deploy.0 = Debug|ARM
		{6587B432-E16A-4D26-93E1-BF12449FDB32}.Debug|Mixed Platforms.ActiveCfg = Debug|x86
		{6587B432-E16A-4D26-93E1-BF12449FDB32}.Debug|Mixed Platforms.Build.0 = Debug|x86
		{6587B432-E16A-4D26-93E1-BF12449FDB32}.Debug|Mixed Platforms.Deploy.0 = Debug|x86
		{6587B432-E16A-4D26-93E1-BF12449FDB32}.Debug|x64.ActiveCfg = Debug|x86
		{6587B432-E16A-4D26-93E1-BF12449FDB32}.Debug|x86.ActiveCfg = Debug|x86
		{6587B432-E16A-4D26-93E1-BF12449FDB32}.Debug|x86.Build.0 = Debug|x86
		{6587B432-E16A-4D26-93E1-BF12449FDB32}.Debug|x86.Deploy.0 = Debug|x86
		{6587B432-E16A-4D26-93E1-BF12449FDB32}.Release|Any CPU.ActiveCfg = Release|x86
		{6587B432-E16A-4D26-93E1-BF12449FDB32}.Release|ARM.ActiveCfg = Release|ARM
		{6587B432-E16A-4D26-93E1-BF12449FDB32}.Release|ARM.Build.0 = Release|ARM
		{6587B432-E16A-4D26-93E1-BF12449FDB32}.Release|ARM.Deploy.0 = Release|ARM
		{6587B432-E16A-4D26-93E1-BF12449FDB32}.Release|Mixed Platforms.ActiveCfg = Release|x86
		{6587B432-E16A-4D26-93E1-BF12449FDB32}.Release|Mixed Platforms.Build.0 = Release|x86
		{6587B432-E16A-4D26-93E1-BF12449FDB32}.Release|Mixed Platforms.Deploy.0 = Release|x86
		{6587B432-E16A-4D26-93E1-BF12449FDB32}.Release|x64.ActiveCfg = Release|x86
		{6587B432-E16A-4D26-93E1-BF12449FDB32}.Release|x86.ActiveCfg = Release|x86
		{6587B432-E16A-4D26-93E1-BF12449FDB32}.Release|x86.Build.0 = Release|x86
		{6587B432-E16A-4D26-93E1-BF12449FDB32}.Release|x86.Deploy.0 = Release|x86
		{CD752CD2-6711-4AD7-B5C8-F8C23CF076B1}.Debug|Any CPU.ActiveCfg = Debug|Any CPU
		{CD752CD2-6711-4AD7-B5C8-F8C23CF076B1}.Debug|Any CPU.Build.0 = Debug|Any CPU
		{CD752CD2-6711-4AD7-B5C8-F8C23CF076B1}.Debug|ARM.ActiveCfg = Debug|Any CPU
		{CD752CD2-6711-4AD7-B5C8-F8C23CF076B1}.Debug|Mixed Platforms.ActiveCfg = Debug|Any CPU
		{CD752CD2-6711-4AD7-B5C8-F8C23CF076B1}.Debug|Mixed Platforms.Build.0 = Debug|Any CPU
		{CD752CD2-6711-4AD7-B5C8-F8C23CF076B1}.Debug|x64.ActiveCfg = Debug|Any CPU
		{CD752CD2-6711-4AD7-B5C8-F8C23CF076B1}.Debug|x64.Build.0 = Debug|Any CPU
		{CD752CD2-6711-4AD7-B5C8-F8C23CF076B1}.Debug|x86.ActiveCfg = Debug|Any CPU
		{CD752CD2-6711-4AD7-B5C8-F8C23CF076B1}.Release|Any CPU.ActiveCfg = Release|Any CPU
		{CD752CD2-6711-4AD7-B5C8-F8C23CF076B1}.Release|Any CPU.Build.0 = Release|Any CPU
		{CD752CD2-6711-4AD7-B5C8-F8C23CF076B1}.Release|ARM.ActiveCfg = Release|Any CPU
		{CD752CD2-6711-4AD7-B5C8-F8C23CF076B1}.Release|Mixed Platforms.ActiveCfg = Release|Any CPU
		{CD752CD2-6711-4AD7-B5C8-F8C23CF076B1}.Release|Mixed Platforms.Build.0 = Release|Any CPU
		{CD752CD2-6711-4AD7-B5C8-F8C23CF076B1}.Release|x64.ActiveCfg = Release|Any CPU
		{CD752CD2-6711-4AD7-B5C8-F8C23CF076B1}.Release|x64.Build.0 = Release|Any CPU
		{CD752CD2-6711-4AD7-B5C8-F8C23CF076B1}.Release|x86.ActiveCfg = Release|Any CPU
		{394A78E5-2F8F-4D2D-AE08-027380C9F6B2}.Debug|Any CPU.ActiveCfg = Debug|Any CPU
		{394A78E5-2F8F-4D2D-AE08-027380C9F6B2}.Debug|Any CPU.Build.0 = Debug|Any CPU
		{394A78E5-2F8F-4D2D-AE08-027380C9F6B2}.Debug|ARM.ActiveCfg = Debug|Any CPU
		{394A78E5-2F8F-4D2D-AE08-027380C9F6B2}.Debug|Mixed Platforms.ActiveCfg = Debug|Any CPU
		{394A78E5-2F8F-4D2D-AE08-027380C9F6B2}.Debug|Mixed Platforms.Build.0 = Debug|Any CPU
		{394A78E5-2F8F-4D2D-AE08-027380C9F6B2}.Debug|x64.ActiveCfg = Debug|Any CPU
		{394A78E5-2F8F-4D2D-AE08-027380C9F6B2}.Debug|x64.Build.0 = Debug|Any CPU
		{394A78E5-2F8F-4D2D-AE08-027380C9F6B2}.Debug|x86.ActiveCfg = Debug|Any CPU
		{394A78E5-2F8F-4D2D-AE08-027380C9F6B2}.Release|Any CPU.ActiveCfg = Release|Any CPU
		{394A78E5-2F8F-4D2D-AE08-027380C9F6B2}.Release|Any CPU.Build.0 = Release|Any CPU
		{394A78E5-2F8F-4D2D-AE08-027380C9F6B2}.Release|ARM.ActiveCfg = Release|Any CPU
		{394A78E5-2F8F-4D2D-AE08-027380C9F6B2}.Release|Mixed Platforms.ActiveCfg = Release|Any CPU
		{394A78E5-2F8F-4D2D-AE08-027380C9F6B2}.Release|Mixed Platforms.Build.0 = Release|Any CPU
		{394A78E5-2F8F-4D2D-AE08-027380C9F6B2}.Release|x64.ActiveCfg = Release|Any CPU
		{394A78E5-2F8F-4D2D-AE08-027380C9F6B2}.Release|x64.Build.0 = Release|Any CPU
		{394A78E5-2F8F-4D2D-AE08-027380C9F6B2}.Release|x86.ActiveCfg = Release|Any CPU
		{B69CBB57-4D1F-4FBE-B4AB-FD87EDBEE12B}.Debug|Any CPU.ActiveCfg = Debug|Any CPU
		{B69CBB57-4D1F-4FBE-B4AB-FD87EDBEE12B}.Debug|Any CPU.Build.0 = Debug|Any CPU
		{B69CBB57-4D1F-4FBE-B4AB-FD87EDBEE12B}.Debug|ARM.ActiveCfg = Debug|Any CPU
		{B69CBB57-4D1F-4FBE-B4AB-FD87EDBEE12B}.Debug|Mixed Platforms.ActiveCfg = Debug|Any CPU
		{B69CBB57-4D1F-4FBE-B4AB-FD87EDBEE12B}.Debug|Mixed Platforms.Build.0 = Debug|Any CPU
		{B69CBB57-4D1F-4FBE-B4AB-FD87EDBEE12B}.Debug|x64.ActiveCfg = Debug|Any CPU
		{B69CBB57-4D1F-4FBE-B4AB-FD87EDBEE12B}.Debug|x64.Build.0 = Debug|Any CPU
		{B69CBB57-4D1F-4FBE-B4AB-FD87EDBEE12B}.Debug|x86.ActiveCfg = Debug|Any CPU
		{B69CBB57-4D1F-4FBE-B4AB-FD87EDBEE12B}.Release|Any CPU.ActiveCfg = Release|Any CPU
		{B69CBB57-4D1F-4FBE-B4AB-FD87EDBEE12B}.Release|Any CPU.Build.0 = Release|Any CPU
		{B69CBB57-4D1F-4FBE-B4AB-FD87EDBEE12B}.Release|ARM.ActiveCfg = Release|Any CPU
		{B69CBB57-4D1F-4FBE-B4AB-FD87EDBEE12B}.Release|Mixed Platforms.ActiveCfg = Release|Any CPU
		{B69CBB57-4D1F-4FBE-B4AB-FD87EDBEE12B}.Release|Mixed Platforms.Build.0 = Release|Any CPU
		{B69CBB57-4D1F-4FBE-B4AB-FD87EDBEE12B}.Release|x64.ActiveCfg = Release|Any CPU
		{B69CBB57-4D1F-4FBE-B4AB-FD87EDBEE12B}.Release|x64.Build.0 = Release|Any CPU
		{B69CBB57-4D1F-4FBE-B4AB-FD87EDBEE12B}.Release|x86.ActiveCfg = Release|Any CPU
		{804AF8FD-87F5-48AE-90C8-70433018B76E}.Debug|Any CPU.ActiveCfg = Debug|Any CPU
		{804AF8FD-87F5-48AE-90C8-70433018B76E}.Debug|Any CPU.Build.0 = Debug|Any CPU
		{804AF8FD-87F5-48AE-90C8-70433018B76E}.Debug|ARM.ActiveCfg = Debug|Any CPU
		{804AF8FD-87F5-48AE-90C8-70433018B76E}.Debug|Mixed Platforms.ActiveCfg = Debug|Any CPU
		{804AF8FD-87F5-48AE-90C8-70433018B76E}.Debug|Mixed Platforms.Build.0 = Debug|Any CPU
		{804AF8FD-87F5-48AE-90C8-70433018B76E}.Debug|x64.ActiveCfg = Debug|Any CPU
		{804AF8FD-87F5-48AE-90C8-70433018B76E}.Debug|x64.Build.0 = Debug|Any CPU
		{804AF8FD-87F5-48AE-90C8-70433018B76E}.Debug|x86.ActiveCfg = Debug|Any CPU
		{804AF8FD-87F5-48AE-90C8-70433018B76E}.Release|Any CPU.ActiveCfg = Release|Any CPU
		{804AF8FD-87F5-48AE-90C8-70433018B76E}.Release|Any CPU.Build.0 = Release|Any CPU
		{804AF8FD-87F5-48AE-90C8-70433018B76E}.Release|ARM.ActiveCfg = Release|Any CPU
		{804AF8FD-87F5-48AE-90C8-70433018B76E}.Release|Mixed Platforms.ActiveCfg = Release|Any CPU
		{804AF8FD-87F5-48AE-90C8-70433018B76E}.Release|Mixed Platforms.Build.0 = Release|Any CPU
		{804AF8FD-87F5-48AE-90C8-70433018B76E}.Release|x64.ActiveCfg = Release|Any CPU
		{804AF8FD-87F5-48AE-90C8-70433018B76E}.Release|x64.Build.0 = Release|Any CPU
		{804AF8FD-87F5-48AE-90C8-70433018B76E}.Release|x86.ActiveCfg = Release|Any CPU
		{B3AD9230-7E7A-4C82-8A7E-F297EEEF8BB8}.Debug|Any CPU.ActiveCfg = Debug|Any CPU
		{B3AD9230-7E7A-4C82-8A7E-F297EEEF8BB8}.Debug|Any CPU.Build.0 = Debug|Any CPU
		{B3AD9230-7E7A-4C82-8A7E-F297EEEF8BB8}.Debug|ARM.ActiveCfg = Debug|ARM
		{B3AD9230-7E7A-4C82-8A7E-F297EEEF8BB8}.Debug|ARM.Build.0 = Debug|ARM
		{B3AD9230-7E7A-4C82-8A7E-F297EEEF8BB8}.Debug|Mixed Platforms.ActiveCfg = Debug|Any CPU
		{B3AD9230-7E7A-4C82-8A7E-F297EEEF8BB8}.Debug|Mixed Platforms.Build.0 = Debug|Any CPU
		{B3AD9230-7E7A-4C82-8A7E-F297EEEF8BB8}.Debug|x64.ActiveCfg = Debug|Any CPU
		{B3AD9230-7E7A-4C82-8A7E-F297EEEF8BB8}.Debug|x64.Build.0 = Debug|Any CPU
		{B3AD9230-7E7A-4C82-8A7E-F297EEEF8BB8}.Debug|x86.ActiveCfg = Debug|x86
		{B3AD9230-7E7A-4C82-8A7E-F297EEEF8BB8}.Debug|x86.Build.0 = Debug|x86
		{B3AD9230-7E7A-4C82-8A7E-F297EEEF8BB8}.Release|Any CPU.ActiveCfg = Release|Any CPU
		{B3AD9230-7E7A-4C82-8A7E-F297EEEF8BB8}.Release|Any CPU.Build.0 = Release|Any CPU
		{B3AD9230-7E7A-4C82-8A7E-F297EEEF8BB8}.Release|ARM.ActiveCfg = Release|ARM
		{B3AD9230-7E7A-4C82-8A7E-F297EEEF8BB8}.Release|ARM.Build.0 = Release|ARM
		{B3AD9230-7E7A-4C82-8A7E-F297EEEF8BB8}.Release|Mixed Platforms.ActiveCfg = Release|Any CPU
		{B3AD9230-7E7A-4C82-8A7E-F297EEEF8BB8}.Release|Mixed Platforms.Build.0 = Release|Any CPU
		{B3AD9230-7E7A-4C82-8A7E-F297EEEF8BB8}.Release|x64.ActiveCfg = Release|Any CPU
		{B3AD9230-7E7A-4C82-8A7E-F297EEEF8BB8}.Release|x64.Build.0 = Release|Any CPU
		{B3AD9230-7E7A-4C82-8A7E-F297EEEF8BB8}.Release|x86.ActiveCfg = Release|x86
		{B3AD9230-7E7A-4C82-8A7E-F297EEEF8BB8}.Release|x86.Build.0 = Release|x86
		{9F9C3D52-ABB9-461A-B1B6-A01BB5CECD93}.Debug|Any CPU.ActiveCfg = Debug|Any CPU
		{9F9C3D52-ABB9-461A-B1B6-A01BB5CECD93}.Debug|Any CPU.Build.0 = Debug|Any CPU
		{9F9C3D52-ABB9-461A-B1B6-A01BB5CECD93}.Debug|ARM.ActiveCfg = Debug|Any CPU
		{9F9C3D52-ABB9-461A-B1B6-A01BB5CECD93}.Debug|Mixed Platforms.ActiveCfg = Debug|Any CPU
		{9F9C3D52-ABB9-461A-B1B6-A01BB5CECD93}.Debug|Mixed Platforms.Build.0 = Debug|Any CPU
		{9F9C3D52-ABB9-461A-B1B6-A01BB5CECD93}.Debug|x64.ActiveCfg = Debug|Any CPU
		{9F9C3D52-ABB9-461A-B1B6-A01BB5CECD93}.Debug|x64.Build.0 = Debug|Any CPU
		{9F9C3D52-ABB9-461A-B1B6-A01BB5CECD93}.Debug|x86.ActiveCfg = Debug|Any CPU
		{9F9C3D52-ABB9-461A-B1B6-A01BB5CECD93}.Release|Any CPU.ActiveCfg = Release|Any CPU
		{9F9C3D52-ABB9-461A-B1B6-A01BB5CECD93}.Release|Any CPU.Build.0 = Release|Any CPU
		{9F9C3D52-ABB9-461A-B1B6-A01BB5CECD93}.Release|ARM.ActiveCfg = Release|Any CPU
		{9F9C3D52-ABB9-461A-B1B6-A01BB5CECD93}.Release|Mixed Platforms.ActiveCfg = Release|Any CPU
		{9F9C3D52-ABB9-461A-B1B6-A01BB5CECD93}.Release|Mixed Platforms.Build.0 = Release|Any CPU
		{9F9C3D52-ABB9-461A-B1B6-A01BB5CECD93}.Release|x64.ActiveCfg = Release|Any CPU
		{9F9C3D52-ABB9-461A-B1B6-A01BB5CECD93}.Release|x64.Build.0 = Release|Any CPU
		{9F9C3D52-ABB9-461A-B1B6-A01BB5CECD93}.Release|x86.ActiveCfg = Release|Any CPU
		{FF8678DB-8FF0-4507-A793-2FF896FC7AD7}.Debug|Any CPU.ActiveCfg = Debug|Any CPU
		{FF8678DB-8FF0-4507-A793-2FF896FC7AD7}.Debug|Any CPU.Build.0 = Debug|Any CPU
		{FF8678DB-8FF0-4507-A793-2FF896FC7AD7}.Debug|Any CPU.Deploy.0 = Debug|Any CPU
		{FF8678DB-8FF0-4507-A793-2FF896FC7AD7}.Debug|ARM.ActiveCfg = Debug|Any CPU
		{FF8678DB-8FF0-4507-A793-2FF896FC7AD7}.Debug|Mixed Platforms.ActiveCfg = Debug|Any CPU
		{FF8678DB-8FF0-4507-A793-2FF896FC7AD7}.Debug|Mixed Platforms.Build.0 = Debug|Any CPU
		{FF8678DB-8FF0-4507-A793-2FF896FC7AD7}.Debug|Mixed Platforms.Deploy.0 = Debug|Any CPU
		{FF8678DB-8FF0-4507-A793-2FF896FC7AD7}.Debug|x64.ActiveCfg = Debug|Any CPU
		{FF8678DB-8FF0-4507-A793-2FF896FC7AD7}.Debug|x64.Build.0 = Debug|Any CPU
		{FF8678DB-8FF0-4507-A793-2FF896FC7AD7}.Debug|x64.Deploy.0 = Debug|Any CPU
		{FF8678DB-8FF0-4507-A793-2FF896FC7AD7}.Debug|x86.ActiveCfg = Debug|Any CPU
		{FF8678DB-8FF0-4507-A793-2FF896FC7AD7}.Release|Any CPU.ActiveCfg = Release|Any CPU
		{FF8678DB-8FF0-4507-A793-2FF896FC7AD7}.Release|Any CPU.Build.0 = Release|Any CPU
		{FF8678DB-8FF0-4507-A793-2FF896FC7AD7}.Release|Any CPU.Deploy.0 = Release|Any CPU
		{FF8678DB-8FF0-4507-A793-2FF896FC7AD7}.Release|ARM.ActiveCfg = Release|Any CPU
		{FF8678DB-8FF0-4507-A793-2FF896FC7AD7}.Release|Mixed Platforms.ActiveCfg = Release|Any CPU
		{FF8678DB-8FF0-4507-A793-2FF896FC7AD7}.Release|Mixed Platforms.Build.0 = Release|Any CPU
		{FF8678DB-8FF0-4507-A793-2FF896FC7AD7}.Release|Mixed Platforms.Deploy.0 = Release|Any CPU
		{FF8678DB-8FF0-4507-A793-2FF896FC7AD7}.Release|x64.ActiveCfg = Release|Any CPU
		{FF8678DB-8FF0-4507-A793-2FF896FC7AD7}.Release|x64.Build.0 = Release|Any CPU
		{FF8678DB-8FF0-4507-A793-2FF896FC7AD7}.Release|x64.Deploy.0 = Release|Any CPU
		{FF8678DB-8FF0-4507-A793-2FF896FC7AD7}.Release|x86.ActiveCfg = Release|Any CPU
		{8A1273BA-23B5-4D0B-A7AF-76A12E43F22B}.Debug|Any CPU.ActiveCfg = Debug|Any CPU
		{8A1273BA-23B5-4D0B-A7AF-76A12E43F22B}.Debug|Any CPU.Build.0 = Debug|Any CPU
		{8A1273BA-23B5-4D0B-A7AF-76A12E43F22B}.Debug|ARM.ActiveCfg = Debug|Any CPU
		{8A1273BA-23B5-4D0B-A7AF-76A12E43F22B}.Debug|Mixed Platforms.ActiveCfg = Debug|Any CPU
		{8A1273BA-23B5-4D0B-A7AF-76A12E43F22B}.Debug|Mixed Platforms.Build.0 = Debug|Any CPU
		{8A1273BA-23B5-4D0B-A7AF-76A12E43F22B}.Debug|x64.ActiveCfg = Debug|Any CPU
		{8A1273BA-23B5-4D0B-A7AF-76A12E43F22B}.Debug|x64.Build.0 = Debug|Any CPU
		{8A1273BA-23B5-4D0B-A7AF-76A12E43F22B}.Debug|x86.ActiveCfg = Debug|Any CPU
		{8A1273BA-23B5-4D0B-A7AF-76A12E43F22B}.Release|Any CPU.ActiveCfg = Release|Any CPU
		{8A1273BA-23B5-4D0B-A7AF-76A12E43F22B}.Release|Any CPU.Build.0 = Release|Any CPU
		{8A1273BA-23B5-4D0B-A7AF-76A12E43F22B}.Release|ARM.ActiveCfg = Release|Any CPU
		{8A1273BA-23B5-4D0B-A7AF-76A12E43F22B}.Release|Mixed Platforms.ActiveCfg = Release|Any CPU
		{8A1273BA-23B5-4D0B-A7AF-76A12E43F22B}.Release|Mixed Platforms.Build.0 = Release|Any CPU
		{8A1273BA-23B5-4D0B-A7AF-76A12E43F22B}.Release|x64.ActiveCfg = Release|Any CPU
		{8A1273BA-23B5-4D0B-A7AF-76A12E43F22B}.Release|x64.Build.0 = Release|Any CPU
		{8A1273BA-23B5-4D0B-A7AF-76A12E43F22B}.Release|x86.ActiveCfg = Release|Any CPU
		{9BA6FC5F-B0E2-4553-8B01-BFE6C2F6697E}.Debug|Any CPU.ActiveCfg = Debug|Any CPU
		{9BA6FC5F-B0E2-4553-8B01-BFE6C2F6697E}.Debug|Any CPU.Build.0 = Debug|Any CPU
		{9BA6FC5F-B0E2-4553-8B01-BFE6C2F6697E}.Debug|ARM.ActiveCfg = Debug|Any CPU
		{9BA6FC5F-B0E2-4553-8B01-BFE6C2F6697E}.Debug|Mixed Platforms.ActiveCfg = Debug|Any CPU
		{9BA6FC5F-B0E2-4553-8B01-BFE6C2F6697E}.Debug|Mixed Platforms.Build.0 = Debug|Any CPU
		{9BA6FC5F-B0E2-4553-8B01-BFE6C2F6697E}.Debug|x64.ActiveCfg = Debug|Any CPU
		{9BA6FC5F-B0E2-4553-8B01-BFE6C2F6697E}.Debug|x64.Build.0 = Debug|Any CPU
		{9BA6FC5F-B0E2-4553-8B01-BFE6C2F6697E}.Debug|x86.ActiveCfg = Debug|Any CPU
		{9BA6FC5F-B0E2-4553-8B01-BFE6C2F6697E}.Release|Any CPU.ActiveCfg = Release|Any CPU
		{9BA6FC5F-B0E2-4553-8B01-BFE6C2F6697E}.Release|Any CPU.Build.0 = Release|Any CPU
		{9BA6FC5F-B0E2-4553-8B01-BFE6C2F6697E}.Release|ARM.ActiveCfg = Release|Any CPU
		{9BA6FC5F-B0E2-4553-8B01-BFE6C2F6697E}.Release|Mixed Platforms.ActiveCfg = Release|Any CPU
		{9BA6FC5F-B0E2-4553-8B01-BFE6C2F6697E}.Release|Mixed Platforms.Build.0 = Release|Any CPU
		{9BA6FC5F-B0E2-4553-8B01-BFE6C2F6697E}.Release|x64.ActiveCfg = Release|Any CPU
		{9BA6FC5F-B0E2-4553-8B01-BFE6C2F6697E}.Release|x64.Build.0 = Release|Any CPU
		{9BA6FC5F-B0E2-4553-8B01-BFE6C2F6697E}.Release|x86.ActiveCfg = Release|Any CPU
		{5E468EE3-D895-4895-8C5A-F4B504850770}.Debug|Any CPU.ActiveCfg = Debug|Any CPU
		{5E468EE3-D895-4895-8C5A-F4B504850770}.Debug|Any CPU.Build.0 = Debug|Any CPU
		{5E468EE3-D895-4895-8C5A-F4B504850770}.Debug|ARM.ActiveCfg = Debug|Any CPU
		{5E468EE3-D895-4895-8C5A-F4B504850770}.Debug|Mixed Platforms.ActiveCfg = Debug|Any CPU
		{5E468EE3-D895-4895-8C5A-F4B504850770}.Debug|Mixed Platforms.Build.0 = Debug|Any CPU
		{5E468EE3-D895-4895-8C5A-F4B504850770}.Debug|x64.ActiveCfg = Debug|Any CPU
		{5E468EE3-D895-4895-8C5A-F4B504850770}.Debug|x64.Build.0 = Debug|Any CPU
		{5E468EE3-D895-4895-8C5A-F4B504850770}.Debug|x86.ActiveCfg = Debug|Any CPU
		{5E468EE3-D895-4895-8C5A-F4B504850770}.Release|Any CPU.ActiveCfg = Release|Any CPU
		{5E468EE3-D895-4895-8C5A-F4B504850770}.Release|Any CPU.Build.0 = Release|Any CPU
		{5E468EE3-D895-4895-8C5A-F4B504850770}.Release|ARM.ActiveCfg = Release|Any CPU
		{5E468EE3-D895-4895-8C5A-F4B504850770}.Release|Mixed Platforms.ActiveCfg = Release|Any CPU
		{5E468EE3-D895-4895-8C5A-F4B504850770}.Release|Mixed Platforms.Build.0 = Release|Any CPU
		{5E468EE3-D895-4895-8C5A-F4B504850770}.Release|x64.ActiveCfg = Release|Any CPU
		{5E468EE3-D895-4895-8C5A-F4B504850770}.Release|x64.Build.0 = Release|Any CPU
		{5E468EE3-D895-4895-8C5A-F4B504850770}.Release|x86.ActiveCfg = Release|Any CPU
		{862B97AF-F620-43FD-9B65-7E5423F3B7E3}.Debug|Any CPU.ActiveCfg = Debug|Any CPU
		{862B97AF-F620-43FD-9B65-7E5423F3B7E3}.Debug|Any CPU.Build.0 = Debug|Any CPU
		{862B97AF-F620-43FD-9B65-7E5423F3B7E3}.Debug|ARM.ActiveCfg = Debug|Any CPU
		{862B97AF-F620-43FD-9B65-7E5423F3B7E3}.Debug|Mixed Platforms.ActiveCfg = Debug|Any CPU
		{862B97AF-F620-43FD-9B65-7E5423F3B7E3}.Debug|Mixed Platforms.Build.0 = Debug|Any CPU
		{862B97AF-F620-43FD-9B65-7E5423F3B7E3}.Debug|x64.ActiveCfg = Debug|Any CPU
		{862B97AF-F620-43FD-9B65-7E5423F3B7E3}.Debug|x64.Build.0 = Debug|Any CPU
		{862B97AF-F620-43FD-9B65-7E5423F3B7E3}.Debug|x86.ActiveCfg = Debug|Any CPU
		{862B97AF-F620-43FD-9B65-7E5423F3B7E3}.Release|Any CPU.ActiveCfg = Release|Any CPU
		{862B97AF-F620-43FD-9B65-7E5423F3B7E3}.Release|Any CPU.Build.0 = Release|Any CPU
		{862B97AF-F620-43FD-9B65-7E5423F3B7E3}.Release|ARM.ActiveCfg = Release|Any CPU
		{862B97AF-F620-43FD-9B65-7E5423F3B7E3}.Release|Mixed Platforms.ActiveCfg = Release|Any CPU
		{862B97AF-F620-43FD-9B65-7E5423F3B7E3}.Release|Mixed Platforms.Build.0 = Release|Any CPU
		{862B97AF-F620-43FD-9B65-7E5423F3B7E3}.Release|x64.ActiveCfg = Release|Any CPU
		{862B97AF-F620-43FD-9B65-7E5423F3B7E3}.Release|x64.Build.0 = Release|Any CPU
		{862B97AF-F620-43FD-9B65-7E5423F3B7E3}.Release|x86.ActiveCfg = Release|Any CPU
		{412659CA-49B0-4834-BFBF-8183055083C8}.Debug|Any CPU.ActiveCfg = Debug|Any CPU
		{412659CA-49B0-4834-BFBF-8183055083C8}.Debug|Any CPU.Build.0 = Debug|Any CPU
		{412659CA-49B0-4834-BFBF-8183055083C8}.Debug|ARM.ActiveCfg = Debug|Any CPU
		{412659CA-49B0-4834-BFBF-8183055083C8}.Debug|ARM.Build.0 = Debug|Any CPU
		{412659CA-49B0-4834-BFBF-8183055083C8}.Debug|Mixed Platforms.ActiveCfg = Debug|Any CPU
		{412659CA-49B0-4834-BFBF-8183055083C8}.Debug|Mixed Platforms.Build.0 = Debug|Any CPU
		{412659CA-49B0-4834-BFBF-8183055083C8}.Debug|x64.ActiveCfg = Debug|Any CPU
		{412659CA-49B0-4834-BFBF-8183055083C8}.Debug|x64.Build.0 = Debug|Any CPU
		{412659CA-49B0-4834-BFBF-8183055083C8}.Debug|x86.ActiveCfg = Debug|Any CPU
		{412659CA-49B0-4834-BFBF-8183055083C8}.Debug|x86.Build.0 = Debug|Any CPU
		{412659CA-49B0-4834-BFBF-8183055083C8}.Release|Any CPU.ActiveCfg = Release|Any CPU
		{412659CA-49B0-4834-BFBF-8183055083C8}.Release|Any CPU.Build.0 = Release|Any CPU
		{412659CA-49B0-4834-BFBF-8183055083C8}.Release|ARM.ActiveCfg = Release|Any CPU
		{412659CA-49B0-4834-BFBF-8183055083C8}.Release|ARM.Build.0 = Release|Any CPU
		{412659CA-49B0-4834-BFBF-8183055083C8}.Release|Mixed Platforms.ActiveCfg = Release|Any CPU
		{412659CA-49B0-4834-BFBF-8183055083C8}.Release|Mixed Platforms.Build.0 = Release|Any CPU
		{412659CA-49B0-4834-BFBF-8183055083C8}.Release|x64.ActiveCfg = Release|Any CPU
		{412659CA-49B0-4834-BFBF-8183055083C8}.Release|x64.Build.0 = Release|Any CPU
		{412659CA-49B0-4834-BFBF-8183055083C8}.Release|x86.ActiveCfg = Release|Any CPU
		{412659CA-49B0-4834-BFBF-8183055083C8}.Release|x86.Build.0 = Release|Any CPU
		{1AD07F5F-80E4-4020-B944-EE20756E3B24}.Debug|Any CPU.ActiveCfg = Debug|Any CPU
		{1AD07F5F-80E4-4020-B944-EE20756E3B24}.Debug|Any CPU.Build.0 = Debug|Any CPU
		{1AD07F5F-80E4-4020-B944-EE20756E3B24}.Debug|ARM.ActiveCfg = Debug|Any CPU
		{1AD07F5F-80E4-4020-B944-EE20756E3B24}.Debug|Mixed Platforms.ActiveCfg = Debug|Any CPU
		{1AD07F5F-80E4-4020-B944-EE20756E3B24}.Debug|Mixed Platforms.Build.0 = Debug|Any CPU
		{1AD07F5F-80E4-4020-B944-EE20756E3B24}.Debug|x64.ActiveCfg = Debug|Any CPU
		{1AD07F5F-80E4-4020-B944-EE20756E3B24}.Debug|x86.ActiveCfg = Debug|Any CPU
		{1AD07F5F-80E4-4020-B944-EE20756E3B24}.Release|Any CPU.ActiveCfg = Release|Any CPU
		{1AD07F5F-80E4-4020-B944-EE20756E3B24}.Release|Any CPU.Build.0 = Release|Any CPU
		{1AD07F5F-80E4-4020-B944-EE20756E3B24}.Release|ARM.ActiveCfg = Release|Any CPU
		{1AD07F5F-80E4-4020-B944-EE20756E3B24}.Release|Mixed Platforms.ActiveCfg = Release|Any CPU
		{1AD07F5F-80E4-4020-B944-EE20756E3B24}.Release|Mixed Platforms.Build.0 = Release|Any CPU
		{1AD07F5F-80E4-4020-B944-EE20756E3B24}.Release|x64.ActiveCfg = Release|Any CPU
		{1AD07F5F-80E4-4020-B944-EE20756E3B24}.Release|x86.ActiveCfg = Release|Any CPU
		{4D7638A1-2F34-4C6C-BCD2-D0990A4695E9}.Debug|Any CPU.ActiveCfg = Debug|Any CPU
		{4D7638A1-2F34-4C6C-BCD2-D0990A4695E9}.Debug|Any CPU.Build.0 = Debug|Any CPU
		{4D7638A1-2F34-4C6C-BCD2-D0990A4695E9}.Debug|ARM.ActiveCfg = Debug|Any CPU
		{4D7638A1-2F34-4C6C-BCD2-D0990A4695E9}.Debug|ARM.Build.0 = Debug|Any CPU
		{4D7638A1-2F34-4C6C-BCD2-D0990A4695E9}.Debug|Mixed Platforms.ActiveCfg = Debug|Any CPU
		{4D7638A1-2F34-4C6C-BCD2-D0990A4695E9}.Debug|Mixed Platforms.Build.0 = Debug|Any CPU
		{4D7638A1-2F34-4C6C-BCD2-D0990A4695E9}.Debug|x64.ActiveCfg = Debug|Any CPU
		{4D7638A1-2F34-4C6C-BCD2-D0990A4695E9}.Debug|x64.Build.0 = Debug|Any CPU
		{4D7638A1-2F34-4C6C-BCD2-D0990A4695E9}.Debug|x86.ActiveCfg = Debug|Any CPU
		{4D7638A1-2F34-4C6C-BCD2-D0990A4695E9}.Debug|x86.Build.0 = Debug|Any CPU
		{4D7638A1-2F34-4C6C-BCD2-D0990A4695E9}.Release|Any CPU.ActiveCfg = Release|Any CPU
		{4D7638A1-2F34-4C6C-BCD2-D0990A4695E9}.Release|Any CPU.Build.0 = Release|Any CPU
		{4D7638A1-2F34-4C6C-BCD2-D0990A4695E9}.Release|ARM.ActiveCfg = Release|Any CPU
		{4D7638A1-2F34-4C6C-BCD2-D0990A4695E9}.Release|ARM.Build.0 = Release|Any CPU
		{4D7638A1-2F34-4C6C-BCD2-D0990A4695E9}.Release|Mixed Platforms.ActiveCfg = Release|Any CPU
		{4D7638A1-2F34-4C6C-BCD2-D0990A4695E9}.Release|Mixed Platforms.Build.0 = Release|Any CPU
		{4D7638A1-2F34-4C6C-BCD2-D0990A4695E9}.Release|x64.ActiveCfg = Release|Any CPU
		{4D7638A1-2F34-4C6C-BCD2-D0990A4695E9}.Release|x64.Build.0 = Release|Any CPU
		{4D7638A1-2F34-4C6C-BCD2-D0990A4695E9}.Release|x86.ActiveCfg = Release|Any CPU
		{4D7638A1-2F34-4C6C-BCD2-D0990A4695E9}.Release|x86.Build.0 = Release|Any CPU
	EndGlobalSection
	GlobalSection(SolutionProperties) = preSolution
		HideSolutionNode = FALSE
	EndGlobalSection
	GlobalSection(NestedProjects) = preSolution
		{50368B2B-A526-460E-8AD9-AB2E7951DAB2} = {68CC2924-E162-44BE-8D7A-DBA385365585}
		{3A820D7A-F63C-460D-B2BD-DDAC9433B4E9} = {68CC2924-E162-44BE-8D7A-DBA385365585}
		{C1AAA703-5E32-45C0-A69D-F46D1C659AE4} = {68CC2924-E162-44BE-8D7A-DBA385365585}
		{C4A0DB5B-0988-4E04-B9B8-BCF3B0842000} = {C2FEEDE5-8CAE-41A4-8932-42D284A86EA7}
		{30717095-904B-47B6-A76B-3D7A21F14E18} = {C2FEEDE5-8CAE-41A4-8932-42D284A86EA7}
		{6587B432-E16A-4D26-93E1-BF12449FDB32} = {C2FEEDE5-8CAE-41A4-8932-42D284A86EA7}
		{CD752CD2-6711-4AD7-B5C8-F8C23CF076B1} = {68CC2924-E162-44BE-8D7A-DBA385365585}
		{394A78E5-2F8F-4D2D-AE08-027380C9F6B2} = {C2FEEDE5-8CAE-41A4-8932-42D284A86EA7}
		{B69CBB57-4D1F-4FBE-B4AB-FD87EDBEE12B} = {05ACA4F0-E560-4E7A-BF50-1C248DAAA0D2}
		{15B3E217-E060-4AEB-9CAD-660E5B26FA91} = {15665627-7795-4E93-9355-EE6C003410F1}
		{804AF8FD-87F5-48AE-90C8-70433018B76E} = {BED5EB47-4AB1-4387-98B6-83CC327D6D16}
		{B3AD9230-7E7A-4C82-8A7E-F297EEEF8BB8} = {BED5EB47-4AB1-4387-98B6-83CC327D6D16}
		{9F9C3D52-ABB9-461A-B1B6-A01BB5CECD93} = {BED5EB47-4AB1-4387-98B6-83CC327D6D16}
		{F76C6CBD-29B0-4564-BDCB-C969F8FEC136} = {BED5EB47-4AB1-4387-98B6-83CC327D6D16}
		{FF8678DB-8FF0-4507-A793-2FF896FC7AD7} = {C2FEEDE5-8CAE-41A4-8932-42D284A86EA7}
		{8A1273BA-23B5-4D0B-A7AF-76A12E43F22B} = {68CC2924-E162-44BE-8D7A-DBA385365585}
		{9BA6FC5F-B0E2-4553-8B01-BFE6C2F6697E} = {C2FEEDE5-8CAE-41A4-8932-42D284A86EA7}
		{5E468EE3-D895-4895-8C5A-F4B504850770} = {BED5EB47-4AB1-4387-98B6-83CC327D6D16}
		{862B97AF-F620-43FD-9B65-7E5423F3B7E3} = {68CC2924-E162-44BE-8D7A-DBA385365585}
		{412659CA-49B0-4834-BFBF-8183055083C8} = {68CC2924-E162-44BE-8D7A-DBA385365585}
		{1AD07F5F-80E4-4020-B944-EE20756E3B24} = {BED5EB47-4AB1-4387-98B6-83CC327D6D16}
		{4D7638A1-2F34-4C6C-BCD2-D0990A4695E9} = {05ACA4F0-E560-4E7A-BF50-1C248DAAA0D2}
	EndGlobalSection
EndGlobal
